// !$*UTF8*$!
{
	archiveVersion = 1;
	classes = {
	};
	objectVersion = 46;
	objects = {

/* Begin PBXBuildFile section */
		4BFB3AF5140FD47D009283A6 /* UIKit.framework in Frameworks */ = {isa = PBXBuildFile; fileRef = 4BFB3AF4140FD47D009283A6 /* UIKit.framework */; };
		4BFB3AF7140FD47D009283A6 /* Foundation.framework in Frameworks */ = {isa = PBXBuildFile; fileRef = 4BFB3AF6140FD47D009283A6 /* Foundation.framework */; };
		4BFB3AF9140FD47D009283A6 /* CoreGraphics.framework in Frameworks */ = {isa = PBXBuildFile; fileRef = 4BFB3AF8140FD47D009283A6 /* CoreGraphics.framework */; };
		4BFB3AFF140FD47D009283A6 /* InfoPlist.strings in Resources */ = {isa = PBXBuildFile; fileRef = 4BFB3AFD140FD47D009283A6 /* InfoPlist.strings */; };
		4BFB3B01140FD47D009283A6 /* main.m in Sources */ = {isa = PBXBuildFile; fileRef = 4BFB3B00140FD47D009283A6 /* main.m */; };
		4BFB3B05140FD47D009283A6 /* DNFAppDelegate.m in Sources */ = {isa = PBXBuildFile; fileRef = 4BFB3B04140FD47D009283A6 /* DNFAppDelegate.m */; };
		4BFB3B08140FD47D009283A6 /* MainWindow.xib in Resources */ = {isa = PBXBuildFile; fileRef = 4BFB3B06140FD47D009283A6 /* MainWindow.xib */; };
		4BFB3B35140FD4E9009283A6 /* CalculetteView.xib in Resources */ = {isa = PBXBuildFile; fileRef = 4BFB3B20140FD4E9009283A6 /* CalculetteView.xib */; };
		4BFB3B36140FD4E9009283A6 /* CalculetteViewController.m in Sources */ = {isa = PBXBuildFile; fileRef = 4BFB3B22140FD4E9009283A6 /* CalculetteViewController.m */; };
		4BFB3B37140FD4E9009283A6 /* CoachView.xib in Resources */ = {isa = PBXBuildFile; fileRef = 4BFB3B23140FD4E9009283A6 /* CoachView.xib */; };
		4BFB3B38140FD4E9009283A6 /* CoachViewController.m in Sources */ = {isa = PBXBuildFile; fileRef = 4BFB3B25140FD4E9009283A6 /* CoachViewController.m */; };
		4BFB3B39140FD4E9009283A6 /* DonsView.xib in Resources */ = {isa = PBXBuildFile; fileRef = 4BFB3B26140FD4E9009283A6 /* DonsView.xib */; };
		4BFB3B3A140FD4E9009283A6 /* DonsViewController.m in Sources */ = {isa = PBXBuildFile; fileRef = 4BFB3B28140FD4E9009283A6 /* DonsViewController.m */; };
		4BFB3B3B140FD4E9009283A6 /* DonsWebView.xib in Resources */ = {isa = PBXBuildFile; fileRef = 4BFB3B29140FD4E9009283A6 /* DonsWebView.xib */; };
		4BFB3B3C140FD4E9009283A6 /* DonsWebViewController.m in Sources */ = {isa = PBXBuildFile; fileRef = 4BFB3B2B140FD4E9009283A6 /* DonsWebViewController.m */; };
		4BFB3B3D140FD4E9009283A6 /* GeolocView.xib in Resources */ = {isa = PBXBuildFile; fileRef = 4BFB3B2C140FD4E9009283A6 /* GeolocView.xib */; };
		4BFB3B3E140FD4E9009283A6 /* GeolocViewController.m in Sources */ = {isa = PBXBuildFile; fileRef = 4BFB3B2E140FD4E9009283A6 /* GeolocViewController.m */; };
		4BFB3B3F140FD4E9009283A6 /* HomeView.xib in Resources */ = {isa = PBXBuildFile; fileRef = 4BFB3B2F140FD4E9009283A6 /* HomeView.xib */; };
		4BFB3B40140FD4E9009283A6 /* HomeViewController.m in Sources */ = {isa = PBXBuildFile; fileRef = 4BFB3B31140FD4E9009283A6 /* HomeViewController.m */; };
		4BFB3B41140FD4E9009283A6 /* InformationView.xib in Resources */ = {isa = PBXBuildFile; fileRef = 4BFB3B32140FD4E9009283A6 /* InformationView.xib */; };
		4BFB3B42140FD4E9009283A6 /* InformationViewController.m in Sources */ = {isa = PBXBuildFile; fileRef = 4BFB3B34140FD4E9009283A6 /* InformationViewController.m */; };
		4BFB3B70140FD504009283A6 /* Facebook.m in Sources */ = {isa = PBXBuildFile; fileRef = 4BFB3B46140FD504009283A6 /* Facebook.m */; };
		4BFB3B71140FD504009283A6 /* FBDialog.bundle in Resources */ = {isa = PBXBuildFile; fileRef = 4BFB3B48140FD504009283A6 /* FBDialog.bundle */; };
		4BFB3B72140FD504009283A6 /* FBDialog.m in Sources */ = {isa = PBXBuildFile; fileRef = 4BFB3B4A140FD504009283A6 /* FBDialog.m */; };
		4BFB3B73140FD504009283A6 /* FBLoginDialog.m in Sources */ = {isa = PBXBuildFile; fileRef = 4BFB3B4C140FD504009283A6 /* FBLoginDialog.m */; };
		4BFB3B74140FD504009283A6 /* FBRequest.m in Sources */ = {isa = PBXBuildFile; fileRef = 4BFB3B4E140FD504009283A6 /* FBRequest.m */; };
		4BFB3B75140FD504009283A6 /* MBProgressHUD.m in Sources */ = {isa = PBXBuildFile; fileRef = 4BFB3B51140FD504009283A6 /* MBProgressHUD.m */; };
		4BFB3B76140FD504009283A6 /* TPKeyboardAvoidingScrollView.m in Sources */ = {isa = PBXBuildFile; fileRef = 4BFB3B53140FD504009283A6 /* TPKeyboardAvoidingScrollView.m */; };
		4BFB3B77140FD504009283A6 /* NSObject+SBJson.m in Sources */ = {isa = PBXBuildFile; fileRef = 4BFB3B56140FD504009283A6 /* NSObject+SBJson.m */; };
		4BFB3B78140FD504009283A6 /* SBJsonParser.m in Sources */ = {isa = PBXBuildFile; fileRef = 4BFB3B59140FD504009283A6 /* SBJsonParser.m */; };
		4BFB3B79140FD504009283A6 /* SBJsonStreamParser.m in Sources */ = {isa = PBXBuildFile; fileRef = 4BFB3B5B140FD504009283A6 /* SBJsonStreamParser.m */; };
		4BFB3B7A140FD504009283A6 /* SBJsonStreamParserAccumulator.m in Sources */ = {isa = PBXBuildFile; fileRef = 4BFB3B5D140FD504009283A6 /* SBJsonStreamParserAccumulator.m */; };
		4BFB3B7B140FD504009283A6 /* SBJsonStreamParserState.m in Sources */ = {isa = PBXBuildFile; fileRef = 4BFB3B5F140FD504009283A6 /* SBJsonStreamParserState.m */; };
		4BFB3B7C140FD504009283A6 /* SBJsonStreamWriter.m in Sources */ = {isa = PBXBuildFile; fileRef = 4BFB3B61140FD504009283A6 /* SBJsonStreamWriter.m */; };
		4BFB3B7D140FD504009283A6 /* SBJsonStreamWriterAccumulator.m in Sources */ = {isa = PBXBuildFile; fileRef = 4BFB3B63140FD504009283A6 /* SBJsonStreamWriterAccumulator.m */; };
		4BFB3B7E140FD504009283A6 /* SBJsonStreamWriterState.m in Sources */ = {isa = PBXBuildFile; fileRef = 4BFB3B65140FD504009283A6 /* SBJsonStreamWriterState.m */; };
		4BFB3B7F140FD504009283A6 /* SBJsonTokeniser.m in Sources */ = {isa = PBXBuildFile; fileRef = 4BFB3B67140FD504009283A6 /* SBJsonTokeniser.m */; };
		4BFB3B80140FD504009283A6 /* SBJsonUTF8Stream.m in Sources */ = {isa = PBXBuildFile; fileRef = 4BFB3B69140FD504009283A6 /* SBJsonUTF8Stream.m */; };
		4BFB3B81140FD504009283A6 /* SBJsonWriter.m in Sources */ = {isa = PBXBuildFile; fileRef = 4BFB3B6B140FD504009283A6 /* SBJsonWriter.m */; };
		4BFB3B82140FD504009283A6 /* Icon.png in Resources */ = {isa = PBXBuildFile; fileRef = 4BFB3B6C140FD504009283A6 /* Icon.png */; };
		4BFB3B83140FD504009283A6 /* f_logo.png in Resources */ = {isa = PBXBuildFile; fileRef = 4BFB3B6E140FD504009283A6 /* f_logo.png */; };
		4BFB3B84140FD504009283A6 /* Logo_DNF.png in Resources */ = {isa = PBXBuildFile; fileRef = 4BFB3B6F140FD504009283A6 /* Logo_DNF.png */; };
/* End PBXBuildFile section */

/* Begin PBXFileReference section */
		4BFB3AF0140FD47D009283A6 /* DNF.app */ = {isa = PBXFileReference; explicitFileType = wrapper.application; includeInIndex = 0; path = DNF.app; sourceTree = BUILT_PRODUCTS_DIR; };
		4BFB3AF4140FD47D009283A6 /* UIKit.framework */ = {isa = PBXFileReference; lastKnownFileType = wrapper.framework; name = UIKit.framework; path = System/Library/Frameworks/UIKit.framework; sourceTree = SDKROOT; };
		4BFB3AF6140FD47D009283A6 /* Foundation.framework */ = {isa = PBXFileReference; lastKnownFileType = wrapper.framework; name = Foundation.framework; path = System/Library/Frameworks/Foundation.framework; sourceTree = SDKROOT; };
		4BFB3AF8140FD47D009283A6 /* CoreGraphics.framework */ = {isa = PBXFileReference; lastKnownFileType = wrapper.framework; name = CoreGraphics.framework; path = System/Library/Frameworks/CoreGraphics.framework; sourceTree = SDKROOT; };
		4BFB3AFC140FD47D009283A6 /* DNF-Info.plist */ = {isa = PBXFileReference; lastKnownFileType = text.plist.xml; path = "DNF-Info.plist"; sourceTree = "<group>"; };
		4BFB3AFE140FD47D009283A6 /* en */ = {isa = PBXFileReference; lastKnownFileType = text.plist.strings; name = en; path = en.lproj/InfoPlist.strings; sourceTree = "<group>"; };
		4BFB3B00140FD47D009283A6 /* main.m */ = {isa = PBXFileReference; lastKnownFileType = sourcecode.c.objc; path = main.m; sourceTree = "<group>"; };
		4BFB3B02140FD47D009283A6 /* DNF-Prefix.pch */ = {isa = PBXFileReference; lastKnownFileType = sourcecode.c.h; path = "DNF-Prefix.pch"; sourceTree = "<group>"; };
		4BFB3B03140FD47D009283A6 /* DNFAppDelegate.h */ = {isa = PBXFileReference; lastKnownFileType = sourcecode.c.h; path = DNFAppDelegate.h; sourceTree = "<group>"; };
		4BFB3B04140FD47D009283A6 /* DNFAppDelegate.m */ = {isa = PBXFileReference; lastKnownFileType = sourcecode.c.objc; path = DNFAppDelegate.m; sourceTree = "<group>"; };
		4BFB3B07140FD47D009283A6 /* en */ = {isa = PBXFileReference; lastKnownFileType = file.xib; name = en; path = en.lproj/MainWindow.xib; sourceTree = "<group>"; };
		4BFB3B1F140FD4E9009283A6 /* AppConfig.h */ = {isa = PBXFileReference; fileEncoding = 4; lastKnownFileType = sourcecode.c.h; path = AppConfig.h; sourceTree = "<group>"; };
		4BFB3B20140FD4E9009283A6 /* CalculetteView.xib */ = {isa = PBXFileReference; fileEncoding = 4; lastKnownFileType = file.xib; path = CalculetteView.xib; sourceTree = "<group>"; };
		4BFB3B21140FD4E9009283A6 /* CalculetteViewController.h */ = {isa = PBXFileReference; fileEncoding = 4; lastKnownFileType = sourcecode.c.h; path = CalculetteViewController.h; sourceTree = "<group>"; };
		4BFB3B22140FD4E9009283A6 /* CalculetteViewController.m */ = {isa = PBXFileReference; fileEncoding = 4; lastKnownFileType = sourcecode.c.objc; path = CalculetteViewController.m; sourceTree = "<group>"; };
		4BFB3B23140FD4E9009283A6 /* CoachView.xib */ = {isa = PBXFileReference; fileEncoding = 4; lastKnownFileType = file.xib; path = CoachView.xib; sourceTree = "<group>"; };
		4BFB3B24140FD4E9009283A6 /* CoachViewController.h */ = {isa = PBXFileReference; fileEncoding = 4; lastKnownFileType = sourcecode.c.h; path = CoachViewController.h; sourceTree = "<group>"; };
		4BFB3B25140FD4E9009283A6 /* CoachViewController.m */ = {isa = PBXFileReference; fileEncoding = 4; lastKnownFileType = sourcecode.c.objc; path = CoachViewController.m; sourceTree = "<group>"; };
		4BFB3B26140FD4E9009283A6 /* DonsView.xib */ = {isa = PBXFileReference; fileEncoding = 4; lastKnownFileType = file.xib; path = DonsView.xib; sourceTree = "<group>"; };
		4BFB3B27140FD4E9009283A6 /* DonsViewController.h */ = {isa = PBXFileReference; fileEncoding = 4; lastKnownFileType = sourcecode.c.h; path = DonsViewController.h; sourceTree = "<group>"; };
		4BFB3B28140FD4E9009283A6 /* DonsViewController.m */ = {isa = PBXFileReference; fileEncoding = 4; lastKnownFileType = sourcecode.c.objc; path = DonsViewController.m; sourceTree = "<group>"; };
		4BFB3B29140FD4E9009283A6 /* DonsWebView.xib */ = {isa = PBXFileReference; fileEncoding = 4; lastKnownFileType = file.xib; path = DonsWebView.xib; sourceTree = "<group>"; };
		4BFB3B2A140FD4E9009283A6 /* DonsWebViewController.h */ = {isa = PBXFileReference; fileEncoding = 4; lastKnownFileType = sourcecode.c.h; path = DonsWebViewController.h; sourceTree = "<group>"; };
		4BFB3B2B140FD4E9009283A6 /* DonsWebViewController.m */ = {isa = PBXFileReference; fileEncoding = 4; lastKnownFileType = sourcecode.c.objc; path = DonsWebViewController.m; sourceTree = "<group>"; };
		4BFB3B2C140FD4E9009283A6 /* GeolocView.xib */ = {isa = PBXFileReference; fileEncoding = 4; lastKnownFileType = file.xib; path = GeolocView.xib; sourceTree = "<group>"; };
		4BFB3B2D140FD4E9009283A6 /* GeolocViewController.h */ = {isa = PBXFileReference; fileEncoding = 4; lastKnownFileType = sourcecode.c.h; path = GeolocViewController.h; sourceTree = "<group>"; };
		4BFB3B2E140FD4E9009283A6 /* GeolocViewController.m */ = {isa = PBXFileReference; fileEncoding = 4; lastKnownFileType = sourcecode.c.objc; path = GeolocViewController.m; sourceTree = "<group>"; };
		4BFB3B2F140FD4E9009283A6 /* HomeView.xib */ = {isa = PBXFileReference; fileEncoding = 4; lastKnownFileType = file.xib; path = HomeView.xib; sourceTree = "<group>"; };
		4BFB3B30140FD4E9009283A6 /* HomeViewController.h */ = {isa = PBXFileReference; fileEncoding = 4; lastKnownFileType = sourcecode.c.h; path = HomeViewController.h; sourceTree = "<group>"; };
		4BFB3B31140FD4E9009283A6 /* HomeViewController.m */ = {isa = PBXFileReference; fileEncoding = 4; lastKnownFileType = sourcecode.c.objc; path = HomeViewController.m; sourceTree = "<group>"; };
		4BFB3B32140FD4E9009283A6 /* InformationView.xib */ = {isa = PBXFileReference; fileEncoding = 4; lastKnownFileType = file.xib; path = InformationView.xib; sourceTree = "<group>"; };
		4BFB3B33140FD4E9009283A6 /* InformationViewController.h */ = {isa = PBXFileReference; fileEncoding = 4; lastKnownFileType = sourcecode.c.h; path = InformationViewController.h; sourceTree = "<group>"; };
		4BFB3B34140FD4E9009283A6 /* InformationViewController.m */ = {isa = PBXFileReference; fileEncoding = 4; lastKnownFileType = sourcecode.c.objc; path = InformationViewController.m; sourceTree = "<group>"; };
		4BFB3B45140FD504009283A6 /* Facebook.h */ = {isa = PBXFileReference; fileEncoding = 4; lastKnownFileType = sourcecode.c.h; path = Facebook.h; sourceTree = "<group>"; };
		4BFB3B46140FD504009283A6 /* Facebook.m */ = {isa = PBXFileReference; fileEncoding = 4; lastKnownFileType = sourcecode.c.objc; path = Facebook.m; sourceTree = "<group>"; };
		4BFB3B47140FD504009283A6 /* FBConnect.h */ = {isa = PBXFileReference; fileEncoding = 4; lastKnownFileType = sourcecode.c.h; path = FBConnect.h; sourceTree = "<group>"; };
		4BFB3B48140FD504009283A6 /* FBDialog.bundle */ = {isa = PBXFileReference; lastKnownFileType = "wrapper.plug-in"; path = FBDialog.bundle; sourceTree = "<group>"; };
		4BFB3B49140FD504009283A6 /* FBDialog.h */ = {isa = PBXFileReference; fileEncoding = 4; lastKnownFileType = sourcecode.c.h; path = FBDialog.h; sourceTree = "<group>"; };
		4BFB3B4A140FD504009283A6 /* FBDialog.m */ = {isa = PBXFileReference; fileEncoding = 4; lastKnownFileType = sourcecode.c.objc; path = FBDialog.m; sourceTree = "<group>"; };
		4BFB3B4B140FD504009283A6 /* FBLoginDialog.h */ = {isa = PBXFileReference; fileEncoding = 4; lastKnownFileType = sourcecode.c.h; path = FBLoginDialog.h; sourceTree = "<group>"; };
		4BFB3B4C140FD504009283A6 /* FBLoginDialog.m */ = {isa = PBXFileReference; fileEncoding = 4; lastKnownFileType = sourcecode.c.objc; path = FBLoginDialog.m; sourceTree = "<group>"; };
		4BFB3B4D140FD504009283A6 /* FBRequest.h */ = {isa = PBXFileReference; fileEncoding = 4; lastKnownFileType = sourcecode.c.h; path = FBRequest.h; sourceTree = "<group>"; };
		4BFB3B4E140FD504009283A6 /* FBRequest.m */ = {isa = PBXFileReference; fileEncoding = 4; lastKnownFileType = sourcecode.c.objc; path = FBRequest.m; sourceTree = "<group>"; };
		4BFB3B50140FD504009283A6 /* MBProgressHUD.h */ = {isa = PBXFileReference; fileEncoding = 4; lastKnownFileType = sourcecode.c.h; path = MBProgressHUD.h; sourceTree = "<group>"; };
		4BFB3B51140FD504009283A6 /* MBProgressHUD.m */ = {isa = PBXFileReference; fileEncoding = 4; lastKnownFileType = sourcecode.c.objc; path = MBProgressHUD.m; sourceTree = "<group>"; };
		4BFB3B52140FD504009283A6 /* TPKeyboardAvoidingScrollView.h */ = {isa = PBXFileReference; fileEncoding = 4; lastKnownFileType = sourcecode.c.h; path = TPKeyboardAvoidingScrollView.h; sourceTree = "<group>"; };
		4BFB3B53140FD504009283A6 /* TPKeyboardAvoidingScrollView.m */ = {isa = PBXFileReference; fileEncoding = 4; lastKnownFileType = sourcecode.c.objc; path = TPKeyboardAvoidingScrollView.m; sourceTree = "<group>"; };
		4BFB3B55140FD504009283A6 /* NSObject+SBJson.h */ = {isa = PBXFileReference; fileEncoding = 4; lastKnownFileType = sourcecode.c.h; path = "NSObject+SBJson.h"; sourceTree = "<group>"; };
		4BFB3B56140FD504009283A6 /* NSObject+SBJson.m */ = {isa = PBXFileReference; fileEncoding = 4; lastKnownFileType = sourcecode.c.objc; path = "NSObject+SBJson.m"; sourceTree = "<group>"; };
		4BFB3B57140FD504009283A6 /* SBJson.h */ = {isa = PBXFileReference; fileEncoding = 4; lastKnownFileType = sourcecode.c.h; path = SBJson.h; sourceTree = "<group>"; };
		4BFB3B58140FD504009283A6 /* SBJsonParser.h */ = {isa = PBXFileReference; fileEncoding = 4; lastKnownFileType = sourcecode.c.h; path = SBJsonParser.h; sourceTree = "<group>"; };
		4BFB3B59140FD504009283A6 /* SBJsonParser.m */ = {isa = PBXFileReference; fileEncoding = 4; lastKnownFileType = sourcecode.c.objc; path = SBJsonParser.m; sourceTree = "<group>"; };
		4BFB3B5A140FD504009283A6 /* SBJsonStreamParser.h */ = {isa = PBXFileReference; fileEncoding = 4; lastKnownFileType = sourcecode.c.h; path = SBJsonStreamParser.h; sourceTree = "<group>"; };
		4BFB3B5B140FD504009283A6 /* SBJsonStreamParser.m */ = {isa = PBXFileReference; fileEncoding = 4; lastKnownFileType = sourcecode.c.objc; path = SBJsonStreamParser.m; sourceTree = "<group>"; };
		4BFB3B5C140FD504009283A6 /* SBJsonStreamParserAccumulator.h */ = {isa = PBXFileReference; fileEncoding = 4; lastKnownFileType = sourcecode.c.h; path = SBJsonStreamParserAccumulator.h; sourceTree = "<group>"; };
		4BFB3B5D140FD504009283A6 /* SBJsonStreamParserAccumulator.m */ = {isa = PBXFileReference; fileEncoding = 4; lastKnownFileType = sourcecode.c.objc; path = SBJsonStreamParserAccumulator.m; sourceTree = "<group>"; };
		4BFB3B5E140FD504009283A6 /* SBJsonStreamParserState.h */ = {isa = PBXFileReference; fileEncoding = 4; lastKnownFileType = sourcecode.c.h; path = SBJsonStreamParserState.h; sourceTree = "<group>"; };
		4BFB3B5F140FD504009283A6 /* SBJsonStreamParserState.m */ = {isa = PBXFileReference; fileEncoding = 4; lastKnownFileType = sourcecode.c.objc; path = SBJsonStreamParserState.m; sourceTree = "<group>"; };
		4BFB3B60140FD504009283A6 /* SBJsonStreamWriter.h */ = {isa = PBXFileReference; fileEncoding = 4; lastKnownFileType = sourcecode.c.h; path = SBJsonStreamWriter.h; sourceTree = "<group>"; };
		4BFB3B61140FD504009283A6 /* SBJsonStreamWriter.m */ = {isa = PBXFileReference; fileEncoding = 4; lastKnownFileType = sourcecode.c.objc; path = SBJsonStreamWriter.m; sourceTree = "<group>"; };
		4BFB3B62140FD504009283A6 /* SBJsonStreamWriterAccumulator.h */ = {isa = PBXFileReference; fileEncoding = 4; lastKnownFileType = sourcecode.c.h; path = SBJsonStreamWriterAccumulator.h; sourceTree = "<group>"; };
		4BFB3B63140FD504009283A6 /* SBJsonStreamWriterAccumulator.m */ = {isa = PBXFileReference; fileEncoding = 4; lastKnownFileType = sourcecode.c.objc; path = SBJsonStreamWriterAccumulator.m; sourceTree = "<group>"; };
		4BFB3B64140FD504009283A6 /* SBJsonStreamWriterState.h */ = {isa = PBXFileReference; fileEncoding = 4; lastKnownFileType = sourcecode.c.h; path = SBJsonStreamWriterState.h; sourceTree = "<group>"; };
		4BFB3B65140FD504009283A6 /* SBJsonStreamWriterState.m */ = {isa = PBXFileReference; fileEncoding = 4; lastKnownFileType = sourcecode.c.objc; path = SBJsonStreamWriterState.m; sourceTree = "<group>"; };
		4BFB3B66140FD504009283A6 /* SBJsonTokeniser.h */ = {isa = PBXFileReference; fileEncoding = 4; lastKnownFileType = sourcecode.c.h; path = SBJsonTokeniser.h; sourceTree = "<group>"; };
		4BFB3B67140FD504009283A6 /* SBJsonTokeniser.m */ = {isa = PBXFileReference; fileEncoding = 4; lastKnownFileType = sourcecode.c.objc; path = SBJsonTokeniser.m; sourceTree = "<group>"; };
		4BFB3B68140FD504009283A6 /* SBJsonUTF8Stream.h */ = {isa = PBXFileReference; fileEncoding = 4; lastKnownFileType = sourcecode.c.h; path = SBJsonUTF8Stream.h; sourceTree = "<group>"; };
		4BFB3B69140FD504009283A6 /* SBJsonUTF8Stream.m */ = {isa = PBXFileReference; fileEncoding = 4; lastKnownFileType = sourcecode.c.objc; path = SBJsonUTF8Stream.m; sourceTree = "<group>"; };
		4BFB3B6A140FD504009283A6 /* SBJsonWriter.h */ = {isa = PBXFileReference; fileEncoding = 4; lastKnownFileType = sourcecode.c.h; path = SBJsonWriter.h; sourceTree = "<group>"; };
		4BFB3B6B140FD504009283A6 /* SBJsonWriter.m */ = {isa = PBXFileReference; fileEncoding = 4; lastKnownFileType = sourcecode.c.objc; path = SBJsonWriter.m; sourceTree = "<group>"; };
		4BFB3B6C140FD504009283A6 /* Icon.png */ = {isa = PBXFileReference; lastKnownFileType = image.png; path = Icon.png; sourceTree = "<group>"; };
		4BFB3B6E140FD504009283A6 /* f_logo.png */ = {isa = PBXFileReference; lastKnownFileType = image.png; path = f_logo.png; sourceTree = "<group>"; };
		4BFB3B6F140FD504009283A6 /* Logo_DNF.png */ = {isa = PBXFileReference; lastKnownFileType = image.png; path = Logo_DNF.png; sourceTree = "<group>"; };
/* End PBXFileReference section */

/* Begin PBXFrameworksBuildPhase section */
		4BFB3AED140FD47D009283A6 /* Frameworks */ = {
			isa = PBXFrameworksBuildPhase;
			buildActionMask = 2147483647;
			files = (
				4BFB3AF5140FD47D009283A6 /* UIKit.framework in Frameworks */,
				4BFB3AF7140FD47D009283A6 /* Foundation.framework in Frameworks */,
				4BFB3AF9140FD47D009283A6 /* CoreGraphics.framework in Frameworks */,
			);
			runOnlyForDeploymentPostprocessing = 0;
		};
/* End PBXFrameworksBuildPhase section */

/* Begin PBXGroup section */
		4BFB3AE5140FD47D009283A6 = {
			isa = PBXGroup;
			children = (
				4BFB3B43140FD504009283A6 /* External */,
				4BFB3B6C140FD504009283A6 /* Icon.png */,
				4BFB3B6D140FD504009283A6 /* Resources */,
				4BFB3AFA140FD47D009283A6 /* DNF */,
				4BFB3AF3140FD47D009283A6 /* Frameworks */,
				4BFB3AF1140FD47D009283A6 /* Products */,
			);
			sourceTree = "<group>";
		};
		4BFB3AF1140FD47D009283A6 /* Products */ = {
			isa = PBXGroup;
			children = (
				4BFB3AF0140FD47D009283A6 /* DNF.app */,
			);
			name = Products;
			sourceTree = "<group>";
		};
		4BFB3AF3140FD47D009283A6 /* Frameworks */ = {
			isa = PBXGroup;
			children = (
				4BFB3AF4140FD47D009283A6 /* UIKit.framework */,
				4BFB3AF6140FD47D009283A6 /* Foundation.framework */,
				4BFB3AF8140FD47D009283A6 /* CoreGraphics.framework */,
			);
			name = Frameworks;
			sourceTree = "<group>";
		};
		4BFB3AFA140FD47D009283A6 /* DNF */ = {
			isa = PBXGroup;
			children = (
				4BFB3B1F140FD4E9009283A6 /* AppConfig.h */,
				4BFB3B20140FD4E9009283A6 /* CalculetteView.xib */,
				4BFB3B21140FD4E9009283A6 /* CalculetteViewController.h */,
				4BFB3B22140FD4E9009283A6 /* CalculetteViewController.m */,
				4BFB3B23140FD4E9009283A6 /* CoachView.xib */,
				4BFB3B24140FD4E9009283A6 /* CoachViewController.h */,
				4BFB3B25140FD4E9009283A6 /* CoachViewController.m */,
				4BFB3B26140FD4E9009283A6 /* DonsView.xib */,
				4BFB3B27140FD4E9009283A6 /* DonsViewController.h */,
				4BFB3B28140FD4E9009283A6 /* DonsViewController.m */,
				4BFB3B29140FD4E9009283A6 /* DonsWebView.xib */,
				4BFB3B2A140FD4E9009283A6 /* DonsWebViewController.h */,
				4BFB3B2B140FD4E9009283A6 /* DonsWebViewController.m */,
				4BFB3B2C140FD4E9009283A6 /* GeolocView.xib */,
				4BFB3B2D140FD4E9009283A6 /* GeolocViewController.h */,
				4BFB3B2E140FD4E9009283A6 /* GeolocViewController.m */,
				4BFB3B2F140FD4E9009283A6 /* HomeView.xib */,
				4BFB3B30140FD4E9009283A6 /* HomeViewController.h */,
				4BFB3B31140FD4E9009283A6 /* HomeViewController.m */,
				4BFB3B32140FD4E9009283A6 /* InformationView.xib */,
				4BFB3B33140FD4E9009283A6 /* InformationViewController.h */,
				4BFB3B34140FD4E9009283A6 /* InformationViewController.m */,
				4BFB3B03140FD47D009283A6 /* DNFAppDelegate.h */,
				4BFB3B04140FD47D009283A6 /* DNFAppDelegate.m */,
				4BFB3B06140FD47D009283A6 /* MainWindow.xib */,
				4BFB3AFB140FD47D009283A6 /* Supporting Files */,
			);
			path = DNF;
			sourceTree = "<group>";
		};
		4BFB3AFB140FD47D009283A6 /* Supporting Files */ = {
			isa = PBXGroup;
			children = (
				4BFB3AFC140FD47D009283A6 /* DNF-Info.plist */,
				4BFB3AFD140FD47D009283A6 /* InfoPlist.strings */,
				4BFB3B00140FD47D009283A6 /* main.m */,
				4BFB3B02140FD47D009283A6 /* DNF-Prefix.pch */,
			);
			name = "Supporting Files";
			sourceTree = "<group>";
		};
		4BFB3B43140FD504009283A6 /* External */ = {
			isa = PBXGroup;
			children = (
				4BFB3B44140FD504009283A6 /* Facebook */,
				4BFB3B4F140FD504009283A6 /* Helpers */,
				4BFB3B54140FD504009283A6 /* SBJSON */,
			);
			path = External;
			sourceTree = "<group>";
		};
		4BFB3B44140FD504009283A6 /* Facebook */ = {
			isa = PBXGroup;
			children = (
				4BFB3B45140FD504009283A6 /* Facebook.h */,
				4BFB3B46140FD504009283A6 /* Facebook.m */,
				4BFB3B47140FD504009283A6 /* FBConnect.h */,
				4BFB3B48140FD504009283A6 /* FBDialog.bundle */,
				4BFB3B49140FD504009283A6 /* FBDialog.h */,
				4BFB3B4A140FD504009283A6 /* FBDialog.m */,
				4BFB3B4B140FD504009283A6 /* FBLoginDialog.h */,
				4BFB3B4C140FD504009283A6 /* FBLoginDialog.m */,
				4BFB3B4D140FD504009283A6 /* FBRequest.h */,
				4BFB3B4E140FD504009283A6 /* FBRequest.m */,
			);
			path = Facebook;
			sourceTree = "<group>";
		};
		4BFB3B4F140FD504009283A6 /* Helpers */ = {
			isa = PBXGroup;
			children = (
				4BFB3B50140FD504009283A6 /* MBProgressHUD.h */,
				4BFB3B51140FD504009283A6 /* MBProgressHUD.m */,
				4BFB3B52140FD504009283A6 /* TPKeyboardAvoidingScrollView.h */,
				4BFB3B53140FD504009283A6 /* TPKeyboardAvoidingScrollView.m */,
			);
			path = Helpers;
			sourceTree = "<group>";
		};
		4BFB3B54140FD504009283A6 /* SBJSON */ = {
			isa = PBXGroup;
			children = (
				4BFB3B55140FD504009283A6 /* NSObject+SBJson.h */,
				4BFB3B56140FD504009283A6 /* NSObject+SBJson.m */,
				4BFB3B57140FD504009283A6 /* SBJson.h */,
				4BFB3B58140FD504009283A6 /* SBJsonParser.h */,
				4BFB3B59140FD504009283A6 /* SBJsonParser.m */,
				4BFB3B5A140FD504009283A6 /* SBJsonStreamParser.h */,
				4BFB3B5B140FD504009283A6 /* SBJsonStreamParser.m */,
				4BFB3B5C140FD504009283A6 /* SBJsonStreamParserAccumulator.h */,
				4BFB3B5D140FD504009283A6 /* SBJsonStreamParserAccumulator.m */,
				4BFB3B5E140FD504009283A6 /* SBJsonStreamParserState.h */,
				4BFB3B5F140FD504009283A6 /* SBJsonStreamParserState.m */,
				4BFB3B60140FD504009283A6 /* SBJsonStreamWriter.h */,
				4BFB3B61140FD504009283A6 /* SBJsonStreamWriter.m */,
				4BFB3B62140FD504009283A6 /* SBJsonStreamWriterAccumulator.h */,
				4BFB3B63140FD504009283A6 /* SBJsonStreamWriterAccumulator.m */,
				4BFB3B64140FD504009283A6 /* SBJsonStreamWriterState.h */,
				4BFB3B65140FD504009283A6 /* SBJsonStreamWriterState.m */,
				4BFB3B66140FD504009283A6 /* SBJsonTokeniser.h */,
				4BFB3B67140FD504009283A6 /* SBJsonTokeniser.m */,
				4BFB3B68140FD504009283A6 /* SBJsonUTF8Stream.h */,
				4BFB3B69140FD504009283A6 /* SBJsonUTF8Stream.m */,
				4BFB3B6A140FD504009283A6 /* SBJsonWriter.h */,
				4BFB3B6B140FD504009283A6 /* SBJsonWriter.m */,
			);
			path = SBJSON;
			sourceTree = "<group>";
		};
		4BFB3B6D140FD504009283A6 /* Resources */ = {
			isa = PBXGroup;
			children = (
				4BFB3B6E140FD504009283A6 /* f_logo.png */,
				4BFB3B6F140FD504009283A6 /* Logo_DNF.png */,
			);
			path = Resources;
			sourceTree = "<group>";
		};
/* End PBXGroup section */

/* Begin PBXNativeTarget section */
		4BFB3AEF140FD47D009283A6 /* DNF */ = {
			isa = PBXNativeTarget;
			buildConfigurationList = 4BFB3B17140FD47D009283A6 /* Build configuration list for PBXNativeTarget "DNF" */;
			buildPhases = (
				4BFB3AEC140FD47D009283A6 /* Sources */,
				4BFB3AED140FD47D009283A6 /* Frameworks */,
				4BFB3AEE140FD47D009283A6 /* Resources */,
			);
			buildRules = (
			);
			dependencies = (
			);
			name = DNF;
			productName = DNF;
			productReference = 4BFB3AF0140FD47D009283A6 /* DNF.app */;
			productType = "com.apple.product-type.application";
		};
/* End PBXNativeTarget section */

/* Begin PBXProject section */
		4BFB3AE7140FD47D009283A6 /* Project object */ = {
			isa = PBXProject;
			buildConfigurationList = 4BFB3AEA140FD47D009283A6 /* Build configuration list for PBXProject "DNF" */;
			compatibilityVersion = "Xcode 3.2";
			developmentRegion = English;
			hasScannedForEncodings = 0;
			knownRegions = (
				en,
			);
			mainGroup = 4BFB3AE5140FD47D009283A6;
			productRefGroup = 4BFB3AF1140FD47D009283A6 /* Products */;
			projectDirPath = "";
			projectRoot = "";
			targets = (
				4BFB3AEF140FD47D009283A6 /* DNF */,
			);
		};
/* End PBXProject section */

/* Begin PBXResourcesBuildPhase section */
		4BFB3AEE140FD47D009283A6 /* Resources */ = {
			isa = PBXResourcesBuildPhase;
			buildActionMask = 2147483647;
			files = (
				4BFB3AFF140FD47D009283A6 /* InfoPlist.strings in Resources */,
				4BFB3B08140FD47D009283A6 /* MainWindow.xib in Resources */,
				4BFB3B35140FD4E9009283A6 /* CalculetteView.xib in Resources */,
				4BFB3B37140FD4E9009283A6 /* CoachView.xib in Resources */,
				4BFB3B39140FD4E9009283A6 /* DonsView.xib in Resources */,
				4BFB3B3B140FD4E9009283A6 /* DonsWebView.xib in Resources */,
				4BFB3B3D140FD4E9009283A6 /* GeolocView.xib in Resources */,
				4BFB3B3F140FD4E9009283A6 /* HomeView.xib in Resources */,
				4BFB3B41140FD4E9009283A6 /* InformationView.xib in Resources */,
				4BFB3B71140FD504009283A6 /* FBDialog.bundle in Resources */,
				4BFB3B82140FD504009283A6 /* Icon.png in Resources */,
				4BFB3B83140FD504009283A6 /* f_logo.png in Resources */,
				4BFB3B84140FD504009283A6 /* Logo_DNF.png in Resources */,
			);
			runOnlyForDeploymentPostprocessing = 0;
		};
/* End PBXResourcesBuildPhase section */

/* Begin PBXSourcesBuildPhase section */
		4BFB3AEC140FD47D009283A6 /* Sources */ = {
			isa = PBXSourcesBuildPhase;
			buildActionMask = 2147483647;
			files = (
				4BFB3B01140FD47D009283A6 /* main.m in Sources */,
				4BFB3B05140FD47D009283A6 /* DNFAppDelegate.m in Sources */,
				4BFB3B36140FD4E9009283A6 /* CalculetteViewController.m in Sources */,
				4BFB3B38140FD4E9009283A6 /* CoachViewController.m in Sources */,
				4BFB3B3A140FD4E9009283A6 /* DonsViewController.m in Sources */,
				4BFB3B3C140FD4E9009283A6 /* DonsWebViewController.m in Sources */,
				4BFB3B3E140FD4E9009283A6 /* GeolocViewController.m in Sources */,
				4BFB3B40140FD4E9009283A6 /* HomeViewController.m in Sources */,
				4BFB3B42140FD4E9009283A6 /* InformationViewController.m in Sources */,
				4BFB3B70140FD504009283A6 /* Facebook.m in Sources */,
				4BFB3B72140FD504009283A6 /* FBDialog.m in Sources */,
				4BFB3B73140FD504009283A6 /* FBLoginDialog.m in Sources */,
				4BFB3B74140FD504009283A6 /* FBRequest.m in Sources */,
				4BFB3B75140FD504009283A6 /* MBProgressHUD.m in Sources */,
				4BFB3B76140FD504009283A6 /* TPKeyboardAvoidingScrollView.m in Sources */,
				4BFB3B77140FD504009283A6 /* NSObject+SBJson.m in Sources */,
				4BFB3B78140FD504009283A6 /* SBJsonParser.m in Sources */,
				4BFB3B79140FD504009283A6 /* SBJsonStreamParser.m in Sources */,
				4BFB3B7A140FD504009283A6 /* SBJsonStreamParserAccumulator.m in Sources */,
				4BFB3B7B140FD504009283A6 /* SBJsonStreamParserState.m in Sources */,
				4BFB3B7C140FD504009283A6 /* SBJsonStreamWriter.m in Sources */,
				4BFB3B7D140FD504009283A6 /* SBJsonStreamWriterAccumulator.m in Sources */,
				4BFB3B7E140FD504009283A6 /* SBJsonStreamWriterState.m in Sources */,
				4BFB3B7F140FD504009283A6 /* SBJsonTokeniser.m in Sources */,
				4BFB3B80140FD504009283A6 /* SBJsonUTF8Stream.m in Sources */,
				4BFB3B81140FD504009283A6 /* SBJsonWriter.m in Sources */,
			);
			runOnlyForDeploymentPostprocessing = 0;
		};
/* End PBXSourcesBuildPhase section */

/* Begin PBXVariantGroup section */
		4BFB3AFD140FD47D009283A6 /* InfoPlist.strings */ = {
			isa = PBXVariantGroup;
			children = (
				4BFB3AFE140FD47D009283A6 /* en */,
			);
			name = InfoPlist.strings;
			sourceTree = "<group>";
		};
		4BFB3B06140FD47D009283A6 /* MainWindow.xib */ = {
			isa = PBXVariantGroup;
			children = (
				4BFB3B07140FD47D009283A6 /* en */,
			);
			name = MainWindow.xib;
			sourceTree = "<group>";
		};
/* End PBXVariantGroup section */

/* Begin XCBuildConfiguration section */
		4BFB3B15140FD47D009283A6 /* Debug */ = {
			isa = XCBuildConfiguration;
			buildSettings = {
				ALWAYS_SEARCH_USER_PATHS = NO;
				ARCHS = "$(ARCHS_STANDARD_32_BIT)";
				"CODE_SIGN_IDENTITY[sdk=iphoneos*]" = "iPhone Developer";
				COPY_PHASE_STRIP = NO;
				GCC_C_LANGUAGE_STANDARD = gnu99;
				GCC_DYNAMIC_NO_PIC = NO;
				GCC_OPTIMIZATION_LEVEL = 0;
				GCC_PREPROCESSOR_DEFINITIONS = (
					"DEBUG=1",
					"$(inherited)",
				);
				GCC_SYMBOLS_PRIVATE_EXTERN = NO;
				GCC_VERSION = com.apple.compilers.llvmgcc42;
				GCC_WARN_ABOUT_MISSING_PROTOTYPES = YES;
				GCC_WARN_ABOUT_RETURN_TYPE = YES;
				GCC_WARN_UNUSED_VARIABLE = YES;
				IPHONEOS_DEPLOYMENT_TARGET = 4.3;
				SDKROOT = iphoneos;
			};
			name = Debug;
		};
		4BFB3B16140FD47D009283A6 /* Release */ = {
			isa = XCBuildConfiguration;
			buildSettings = {
				ALWAYS_SEARCH_USER_PATHS = NO;
				ARCHS = "$(ARCHS_STANDARD_32_BIT)";
				"CODE_SIGN_IDENTITY[sdk=iphoneos*]" = "iPhone Developer";
				COPY_PHASE_STRIP = YES;
				GCC_C_LANGUAGE_STANDARD = gnu99;
				GCC_VERSION = com.apple.compilers.llvmgcc42;
				GCC_WARN_ABOUT_MISSING_PROTOTYPES = YES;
				GCC_WARN_ABOUT_RETURN_TYPE = YES;
				GCC_WARN_UNUSED_VARIABLE = YES;
				IPHONEOS_DEPLOYMENT_TARGET = 4.3;
				OTHER_CFLAGS = "-DNS_BLOCK_ASSERTIONS=1";
				SDKROOT = iphoneos;
				VALIDATE_PRODUCT = YES;
			};
			name = Release;
		};
		4BFB3B18140FD47D009283A6 /* Debug */ = {
			isa = XCBuildConfiguration;
			buildSettings = {
				GCC_PRECOMPILE_PREFIX_HEADER = YES;
				GCC_PREFIX_HEADER = "DNF/DNF-Prefix.pch";
				INFOPLIST_FILE = "DNF/DNF-Info.plist";
				PRODUCT_NAME = "$(TARGET_NAME)";
				WRAPPER_EXTENSION = app;
			};
			name = Debug;
		};
		4BFB3B19140FD47D009283A6 /* Release */ = {
			isa = XCBuildConfiguration;
			buildSettings = {
				GCC_PRECOMPILE_PREFIX_HEADER = YES;
				GCC_PREFIX_HEADER = "DNF/DNF-Prefix.pch";
				INFOPLIST_FILE = "DNF/DNF-Info.plist";
				PRODUCT_NAME = "$(TARGET_NAME)";
				WRAPPER_EXTENSION = app;
			};
			name = Release;
		};
/* End XCBuildConfiguration section */

/* Begin XCConfigurationList section */
		4BFB3AEA140FD47D009283A6 /* Build configuration list for PBXProject "DNF" */ = {
			isa = XCConfigurationList;
			buildConfigurations = (
				4BFB3B15140FD47D009283A6 /* Debug */,
				4BFB3B16140FD47D009283A6 /* Release */,
			);
			defaultConfigurationIsVisible = 0;
			defaultConfigurationName = Release;
		};
		4BFB3B17140FD47D009283A6 /* Build configuration list for PBXNativeTarget "DNF" */ = {
			isa = XCConfigurationList;
			buildConfigurations = (
				4BFB3B18140FD47D009283A6 /* Debug */,
				4BFB3B19140FD47D009283A6 /* Release */,
			);
			defaultConfigurationIsVisible = 0;
			defaultConfigurationName = Release;
		};
/* End XCConfigurationList section */
	};
	rootObject = 4BFB3AE7140FD47D009283A6 /* Project object */;
}
