// !$*UTF8*$!
{
	archiveVersion = 1;
	classes = {
	};
	objectVersion = 46;
	objects = {

/* Begin PBXBuildFile section */
		4B77DF191403465F00DB97D9 /* HomeViewController.m in Sources */ = {isa = PBXBuildFile; fileRef = 4B77DF171403465F00DB97D9 /* HomeViewController.m */; };
		4B77DF1A1403465F00DB97D9 /* HomeView.xib in Resources */ = {isa = PBXBuildFile; fileRef = 4B77DF181403465F00DB97D9 /* HomeView.xib */; };
		4B77DF1E140346FF00DB97D9 /* DonsViewController.m in Sources */ = {isa = PBXBuildFile; fileRef = 4B77DF1C140346FF00DB97D9 /* DonsViewController.m */; };
		4B77DF1F140346FF00DB97D9 /* DonsView.xib in Resources */ = {isa = PBXBuildFile; fileRef = 4B77DF1D140346FF00DB97D9 /* DonsView.xib */; };
		4B77DF231403471700DB97D9 /* GeolocViewController.m in Sources */ = {isa = PBXBuildFile; fileRef = 4B77DF211403471700DB97D9 /* GeolocViewController.m */; };
		4B77DF241403471700DB97D9 /* GeolocView.xib in Resources */ = {isa = PBXBuildFile; fileRef = 4B77DF221403471700DB97D9 /* GeolocView.xib */; };
		4B77DF281403473000DB97D9 /* CalculetteViewController.m in Sources */ = {isa = PBXBuildFile; fileRef = 4B77DF261403473000DB97D9 /* CalculetteViewController.m */; };
		4B77DF291403473000DB97D9 /* CalculetteView.xib in Resources */ = {isa = PBXBuildFile; fileRef = 4B77DF271403473000DB97D9 /* CalculetteView.xib */; };
		4B9D6CF114032F8C0042D474 /* UIKit.framework in Frameworks */ = {isa = PBXBuildFile; fileRef = 4B9D6CF014032F8C0042D474 /* UIKit.framework */; };
		4B9D6CF314032F8C0042D474 /* Foundation.framework in Frameworks */ = {isa = PBXBuildFile; fileRef = 4B9D6CF214032F8C0042D474 /* Foundation.framework */; };
		4B9D6CF514032F8C0042D474 /* CoreGraphics.framework in Frameworks */ = {isa = PBXBuildFile; fileRef = 4B9D6CF414032F8C0042D474 /* CoreGraphics.framework */; };
		4B9D6CFB14032F8C0042D474 /* InfoPlist.strings in Resources */ = {isa = PBXBuildFile; fileRef = 4B9D6CF914032F8C0042D474 /* InfoPlist.strings */; };
		4B9D6CFD14032F8C0042D474 /* main.m in Sources */ = {isa = PBXBuildFile; fileRef = 4B9D6CFC14032F8C0042D474 /* main.m */; };
		4B9D6D0114032F8C0042D474 /* DNFAppDelegate.m in Sources */ = {isa = PBXBuildFile; fileRef = 4B9D6D0014032F8C0042D474 /* DNFAppDelegate.m */; };
		4B9D6D0414032F8C0042D474 /* MainWindow.xib in Resources */ = {isa = PBXBuildFile; fileRef = 4B9D6D0214032F8C0042D474 /* MainWindow.xib */; };
/* End PBXBuildFile section */

/* Begin PBXFileReference section */
		4B77DF161403465F00DB97D9 /* HomeViewController.h */ = {isa = PBXFileReference; fileEncoding = 4; lastKnownFileType = sourcecode.c.h; path = HomeViewController.h; sourceTree = "<group>"; };
		4B77DF171403465F00DB97D9 /* HomeViewController.m */ = {isa = PBXFileReference; fileEncoding = 4; lastKnownFileType = sourcecode.c.objc; path = HomeViewController.m; sourceTree = "<group>"; };
		4B77DF181403465F00DB97D9 /* HomeView.xib */ = {isa = PBXFileReference; fileEncoding = 4; lastKnownFileType = file.xib; path = HomeView.xib; sourceTree = "<group>"; };
		4B77DF1B140346FF00DB97D9 /* DonsViewController.h */ = {isa = PBXFileReference; fileEncoding = 4; lastKnownFileType = sourcecode.c.h; path = DonsViewController.h; sourceTree = "<group>"; };
		4B77DF1C140346FF00DB97D9 /* DonsViewController.m */ = {isa = PBXFileReference; fileEncoding = 4; lastKnownFileType = sourcecode.c.objc; path = DonsViewController.m; sourceTree = "<group>"; };
		4B77DF1D140346FF00DB97D9 /* DonsView.xib */ = {isa = PBXFileReference; fileEncoding = 4; lastKnownFileType = file.xib; path = DonsView.xib; sourceTree = "<group>"; };
		4B77DF201403471700DB97D9 /* GeolocViewController.h */ = {isa = PBXFileReference; fileEncoding = 4; lastKnownFileType = sourcecode.c.h; path = GeolocViewController.h; sourceTree = "<group>"; };
		4B77DF211403471700DB97D9 /* GeolocViewController.m */ = {isa = PBXFileReference; fileEncoding = 4; lastKnownFileType = sourcecode.c.objc; path = GeolocViewController.m; sourceTree = "<group>"; };
		4B77DF221403471700DB97D9 /* GeolocView.xib */ = {isa = PBXFileReference; fileEncoding = 4; lastKnownFileType = file.xib; path = GeolocView.xib; sourceTree = "<group>"; };
		4B77DF251403473000DB97D9 /* CalculetteViewController.h */ = {isa = PBXFileReference; fileEncoding = 4; lastKnownFileType = sourcecode.c.h; path = CalculetteViewController.h; sourceTree = "<group>"; };
		4B77DF261403473000DB97D9 /* CalculetteViewController.m */ = {isa = PBXFileReference; fileEncoding = 4; lastKnownFileType = sourcecode.c.objc; path = CalculetteViewController.m; sourceTree = "<group>"; };
		4B77DF271403473000DB97D9 /* CalculetteView.xib */ = {isa = PBXFileReference; fileEncoding = 4; lastKnownFileType = file.xib; path = CalculetteView.xib; sourceTree = "<group>"; };
		4B9D6CEC14032F8C0042D474 /* DNF.app */ = {isa = PBXFileReference; explicitFileType = wrapper.application; includeInIndex = 0; path = DNF.app; sourceTree = BUILT_PRODUCTS_DIR; };
		4B9D6CF014032F8C0042D474 /* UIKit.framework */ = {isa = PBXFileReference; lastKnownFileType = wrapper.framework; name = UIKit.framework; path = System/Library/Frameworks/UIKit.framework; sourceTree = SDKROOT; };
		4B9D6CF214032F8C0042D474 /* Foundation.framework */ = {isa = PBXFileReference; lastKnownFileType = wrapper.framework; name = Foundation.framework; path = System/Library/Frameworks/Foundation.framework; sourceTree = SDKROOT; };
		4B9D6CF414032F8C0042D474 /* CoreGraphics.framework */ = {isa = PBXFileReference; lastKnownFileType = wrapper.framework; name = CoreGraphics.framework; path = System/Library/Frameworks/CoreGraphics.framework; sourceTree = SDKROOT; };
		4B9D6CF814032F8C0042D474 /* DNF-Info.plist */ = {isa = PBXFileReference; lastKnownFileType = text.plist.xml; path = "DNF-Info.plist"; sourceTree = "<group>"; };
		4B9D6CFA14032F8C0042D474 /* en */ = {isa = PBXFileReference; lastKnownFileType = text.plist.strings; name = en; path = en.lproj/InfoPlist.strings; sourceTree = "<group>"; };
		4B9D6CFC14032F8C0042D474 /* main.m */ = {isa = PBXFileReference; lastKnownFileType = sourcecode.c.objc; path = main.m; sourceTree = "<group>"; };
		4B9D6CFE14032F8C0042D474 /* DNF-Prefix.pch */ = {isa = PBXFileReference; lastKnownFileType = sourcecode.c.h; path = "DNF-Prefix.pch"; sourceTree = "<group>"; };
		4B9D6CFF14032F8C0042D474 /* DNFAppDelegate.h */ = {isa = PBXFileReference; lastKnownFileType = sourcecode.c.h; path = DNFAppDelegate.h; sourceTree = "<group>"; };
		4B9D6D0014032F8C0042D474 /* DNFAppDelegate.m */ = {isa = PBXFileReference; lastKnownFileType = sourcecode.c.objc; path = DNFAppDelegate.m; sourceTree = "<group>"; };
		4B9D6D0314032F8C0042D474 /* en */ = {isa = PBXFileReference; lastKnownFileType = file.xib; name = en; path = en.lproj/MainWindow.xib; sourceTree = "<group>"; };
/* End PBXFileReference section */

/* Begin PBXFrameworksBuildPhase section */
		4B9D6CE914032F8C0042D474 /* Frameworks */ = {
			isa = PBXFrameworksBuildPhase;
			buildActionMask = 2147483647;
			files = (
				4B9D6CF114032F8C0042D474 /* UIKit.framework in Frameworks */,
				4B9D6CF314032F8C0042D474 /* Foundation.framework in Frameworks */,
				4B9D6CF514032F8C0042D474 /* CoreGraphics.framework in Frameworks */,
			);
			runOnlyForDeploymentPostprocessing = 0;
		};
/* End PBXFrameworksBuildPhase section */

/* Begin PBXGroup section */
		4B77DF1414033EEF00DB97D9 /* Views */ = {
			isa = PBXGroup;
			children = (
				4B77DF161403465F00DB97D9 /* HomeViewController.h */,
				4B77DF171403465F00DB97D9 /* HomeViewController.m */,
				4B77DF181403465F00DB97D9 /* HomeView.xib */,
				4B77DF1B140346FF00DB97D9 /* DonsViewController.h */,
				4B77DF1C140346FF00DB97D9 /* DonsViewController.m */,
				4B77DF1D140346FF00DB97D9 /* DonsView.xib */,
				4B77DF201403471700DB97D9 /* GeolocViewController.h */,
				4B77DF211403471700DB97D9 /* GeolocViewController.m */,
				4B77DF221403471700DB97D9 /* GeolocView.xib */,
				4B77DF251403473000DB97D9 /* CalculetteViewController.h */,
				4B77DF261403473000DB97D9 /* CalculetteViewController.m */,
				4B77DF271403473000DB97D9 /* CalculetteView.xib */,
			);
			name = Views;
			sourceTree = "<group>";
		};
		4B9D6CE114032F8C0042D474 = {
			isa = PBXGroup;
			children = (
				4B9D6CF614032F8C0042D474 /* DNF */,
				4B9D6CEF14032F8C0042D474 /* Frameworks */,
				4B9D6CED14032F8C0042D474 /* Products */,
			);
			sourceTree = "<group>";
		};
		4B9D6CED14032F8C0042D474 /* Products */ = {
			isa = PBXGroup;
			children = (
				4B9D6CEC14032F8C0042D474 /* DNF.app */,
			);
			name = Products;
			sourceTree = "<group>";
		};
		4B9D6CEF14032F8C0042D474 /* Frameworks */ = {
			isa = PBXGroup;
			children = (
				4B9D6CF014032F8C0042D474 /* UIKit.framework */,
				4B9D6CF214032F8C0042D474 /* Foundation.framework */,
				4B9D6CF414032F8C0042D474 /* CoreGraphics.framework */,
			);
			name = Frameworks;
			sourceTree = "<group>";
		};
		4B9D6CF614032F8C0042D474 /* DNF */ = {
			isa = PBXGroup;
			children = (
				4B77DF1414033EEF00DB97D9 /* Views */,
				4B9D6CFF14032F8C0042D474 /* DNFAppDelegate.h */,
				4B9D6D0014032F8C0042D474 /* DNFAppDelegate.m */,
				4B9D6D0214032F8C0042D474 /* MainWindow.xib */,
				4B9D6CF714032F8C0042D474 /* Supporting Files */,
			);
			path = DNF;
			sourceTree = "<group>";
		};
		4B9D6CF714032F8C0042D474 /* Supporting Files */ = {
			isa = PBXGroup;
			children = (
				4B9D6CF814032F8C0042D474 /* DNF-Info.plist */,
				4B9D6CF914032F8C0042D474 /* InfoPlist.strings */,
				4B9D6CFC14032F8C0042D474 /* main.m */,
				4B9D6CFE14032F8C0042D474 /* DNF-Prefix.pch */,
			);
			name = "Supporting Files";
			sourceTree = "<group>";
		};
/* End PBXGroup section */

/* Begin PBXNativeTarget section */
		4B9D6CEB14032F8C0042D474 /* DNF */ = {
			isa = PBXNativeTarget;
			buildConfigurationList = 4B9D6D1314032F8C0042D474 /* Build configuration list for PBXNativeTarget "DNF" */;
			buildPhases = (
				4B9D6CE814032F8C0042D474 /* Sources */,
				4B9D6CE914032F8C0042D474 /* Frameworks */,
				4B9D6CEA14032F8C0042D474 /* Resources */,
			);
			buildRules = (
			);
			dependencies = (
			);
			name = DNF;
			productName = DNF;
			productReference = 4B9D6CEC14032F8C0042D474 /* DNF.app */;
			productType = "com.apple.product-type.application";
		};
/* End PBXNativeTarget section */

/* Begin PBXProject section */
		4B9D6CE314032F8C0042D474 /* Project object */ = {
			isa = PBXProject;
			buildConfigurationList = 4B9D6CE614032F8C0042D474 /* Build configuration list for PBXProject "DNF" */;
			compatibilityVersion = "Xcode 3.2";
			developmentRegion = English;
			hasScannedForEncodings = 0;
			knownRegions = (
				en,
			);
			mainGroup = 4B9D6CE114032F8C0042D474;
			productRefGroup = 4B9D6CED14032F8C0042D474 /* Products */;
			projectDirPath = "";
			projectRoot = "";
			targets = (
				4B9D6CEB14032F8C0042D474 /* DNF */,
			);
		};
/* End PBXProject section */

/* Begin PBXResourcesBuildPhase section */
		4B9D6CEA14032F8C0042D474 /* Resources */ = {
			isa = PBXResourcesBuildPhase;
			buildActionMask = 2147483647;
			files = (
				4B9D6CFB14032F8C0042D474 /* InfoPlist.strings in Resources */,
				4B9D6D0414032F8C0042D474 /* MainWindow.xib in Resources */,
				4B77DF1A1403465F00DB97D9 /* HomeView.xib in Resources */,
				4B77DF1F140346FF00DB97D9 /* DonsView.xib in Resources */,
				4B77DF241403471700DB97D9 /* GeolocView.xib in Resources */,
				4B77DF291403473000DB97D9 /* CalculetteView.xib in Resources */,
			);
			runOnlyForDeploymentPostprocessing = 0;
		};
/* End PBXResourcesBuildPhase section */

/* Begin PBXSourcesBuildPhase section */
		4B9D6CE814032F8C0042D474 /* Sources */ = {
			isa = PBXSourcesBuildPhase;
			buildActionMask = 2147483647;
			files = (
				4B9D6CFD14032F8C0042D474 /* main.m in Sources */,
				4B9D6D0114032F8C0042D474 /* DNFAppDelegate.m in Sources */,
				4B77DF191403465F00DB97D9 /* HomeViewController.m in Sources */,
				4B77DF1E140346FF00DB97D9 /* DonsViewController.m in Sources */,
				4B77DF231403471700DB97D9 /* GeolocViewController.m in Sources */,
				4B77DF281403473000DB97D9 /* CalculetteViewController.m in Sources */,
			);
			runOnlyForDeploymentPostprocessing = 0;
		};
/* End PBXSourcesBuildPhase section */

/* Begin PBXVariantGroup section */
		4B9D6CF914032F8C0042D474 /* InfoPlist.strings */ = {
			isa = PBXVariantGroup;
			children = (
				4B9D6CFA14032F8C0042D474 /* en */,
			);
			name = InfoPlist.strings;
			sourceTree = "<group>";
		};
		4B9D6D0214032F8C0042D474 /* MainWindow.xib */ = {
			isa = PBXVariantGroup;
			children = (
				4B9D6D0314032F8C0042D474 /* en */,
			);
			name = MainWindow.xib;
			sourceTree = "<group>";
		};
/* End PBXVariantGroup section */

/* Begin XCBuildConfiguration section */
		4B9D6D1114032F8C0042D474 /* Debug */ = {
			isa = XCBuildConfiguration;
			buildSettings = {
				ALWAYS_SEARCH_USER_PATHS = NO;
				ARCHS = "$(ARCHS_STANDARD_32_BIT)";
				"CODE_SIGN_IDENTITY[sdk=iphoneos*]" = "iPhone Developer";
				COPY_PHASE_STRIP = NO;
				GCC_C_LANGUAGE_STANDARD = gnu99;
				GCC_DYNAMIC_NO_PIC = NO;
				GCC_OPTIMIZATION_LEVEL = 0;
				GCC_PREPROCESSOR_DEFINITIONS = (
					"DEBUG=1",
					"$(inherited)",
				);
				GCC_SYMBOLS_PRIVATE_EXTERN = NO;
				GCC_VERSION = com.apple.compilers.llvmgcc42;
				GCC_WARN_ABOUT_MISSING_PROTOTYPES = YES;
				GCC_WARN_ABOUT_RETURN_TYPE = YES;
				GCC_WARN_UNUSED_VARIABLE = YES;
				IPHONEOS_DEPLOYMENT_TARGET = 4.2;
				SDKROOT = iphoneos;
			};
			name = Debug;
		};
		4B9D6D1214032F8C0042D474 /* Release */ = {
			isa = XCBuildConfiguration;
			buildSettings = {
				ALWAYS_SEARCH_USER_PATHS = NO;
				ARCHS = "$(ARCHS_STANDARD_32_BIT)";
				"CODE_SIGN_IDENTITY[sdk=iphoneos*]" = "iPhone Developer";
				COPY_PHASE_STRIP = YES;
				GCC_C_LANGUAGE_STANDARD = gnu99;
				GCC_VERSION = com.apple.compilers.llvmgcc42;
				GCC_WARN_ABOUT_MISSING_PROTOTYPES = YES;
				GCC_WARN_ABOUT_RETURN_TYPE = YES;
				GCC_WARN_UNUSED_VARIABLE = YES;
				IPHONEOS_DEPLOYMENT_TARGET = 4.2;
				OTHER_CFLAGS = "-DNS_BLOCK_ASSERTIONS=1";
				SDKROOT = iphoneos;
				VALIDATE_PRODUCT = YES;
			};
			name = Release;
		};
		4B9D6D1414032F8C0042D474 /* Debug */ = {
			isa = XCBuildConfiguration;
			buildSettings = {
				GCC_PRECOMPILE_PREFIX_HEADER = YES;
				GCC_PREFIX_HEADER = "DNF/DNF-Prefix.pch";
				INFOPLIST_FILE = "DNF/DNF-Info.plist";
				PRODUCT_NAME = "$(TARGET_NAME)";
				WRAPPER_EXTENSION = app;
			};
			name = Debug;
		};
		4B9D6D1514032F8C0042D474 /* Release */ = {
			isa = XCBuildConfiguration;
			buildSettings = {
				GCC_PRECOMPILE_PREFIX_HEADER = YES;
				GCC_PREFIX_HEADER = "DNF/DNF-Prefix.pch";
				INFOPLIST_FILE = "DNF/DNF-Info.plist";
				PRODUCT_NAME = "$(TARGET_NAME)";
				WRAPPER_EXTENSION = app;
			};
			name = Release;
		};
/* End XCBuildConfiguration section */

/* Begin XCConfigurationList section */
		4B9D6CE614032F8C0042D474 /* Build configuration list for PBXProject "DNF" */ = {
			isa = XCConfigurationList;
			buildConfigurations = (
				4B9D6D1114032F8C0042D474 /* Debug */,
				4B9D6D1214032F8C0042D474 /* Release */,
			);
			defaultConfigurationIsVisible = 0;
			defaultConfigurationName = Release;
		};
		4B9D6D1314032F8C0042D474 /* Build configuration list for PBXNativeTarget "DNF" */ = {
			isa = XCConfigurationList;
			buildConfigurations = (
				4B9D6D1414032F8C0042D474 /* Debug */,
				4B9D6D1514032F8C0042D474 /* Release */,
			);
			defaultConfigurationIsVisible = 0;
			defaultConfigurationName = Release;
		};
/* End XCConfigurationList section */
	};
	rootObject = 4B9D6CE314032F8C0042D474 /* Project object */;
}
