// !$*UTF8*$!
{
	archiveVersion = 1;
	classes = {
	};
	objectVersion = 46;
	objects = {

/* Begin PBXBuildFile section */
		4B0230721436AA8100A1F864 /* PlaceAnnotationView.m in Sources */ = {isa = PBXBuildFile; fileRef = 4B0230711436AA8100A1F864 /* PlaceAnnotationView.m */; };
		4B0B503114355907006C9A66 /* DonsInfoViewController.m in Sources */ = {isa = PBXBuildFile; fileRef = 4B0B502F14355906006C9A66 /* DonsInfoViewController.m */; };
		4B0B503214355907006C9A66 /* DonsInfoView.xib in Resources */ = {isa = PBXBuildFile; fileRef = 4B0B503014355907006C9A66 /* DonsInfoView.xib */; };
		4B0B504214356D4E006C9A66 /* SDImageCache.m in Sources */ = {isa = PBXBuildFile; fileRef = 4B0B503514356D4E006C9A66 /* SDImageCache.m */; };
		4B0B504314356D4E006C9A66 /* SDWebImageDownloader.m in Sources */ = {isa = PBXBuildFile; fileRef = 4B0B503914356D4E006C9A66 /* SDWebImageDownloader.m */; };
		4B0B504414356D4E006C9A66 /* SDWebImageManager.m in Sources */ = {isa = PBXBuildFile; fileRef = 4B0B503C14356D4E006C9A66 /* SDWebImageManager.m */; };
		4B0B504514356D4E006C9A66 /* UIButton+WebCache.m in Sources */ = {isa = PBXBuildFile; fileRef = 4B0B503F14356D4E006C9A66 /* UIButton+WebCache.m */; };
		4B0B504614356D4E006C9A66 /* UIImageView+WebCache.m in Sources */ = {isa = PBXBuildFile; fileRef = 4B0B504114356D4E006C9A66 /* UIImageView+WebCache.m */; };
		4B0B50611435766C006C9A66 /* ping_cafe.png in Resources */ = {isa = PBXBuildFile; fileRef = 4B0B50601435766C006C9A66 /* ping_cafe.png */; };
		4B0E6BDC144E6A23005B8737 /* AddPlaceViewController.m in Sources */ = {isa = PBXBuildFile; fileRef = 4B0E6BDA144E6A23005B8737 /* AddPlaceViewController.m */; };
		4B0E6BDD144E6A23005B8737 /* AddPlaceView.xib in Resources */ = {isa = PBXBuildFile; fileRef = 4B0E6BDB144E6A23005B8737 /* AddPlaceView.xib */; };
		4B0E6BE1144E6C86005B8737 /* TableViewCellBasicInfo.m in Sources */ = {isa = PBXBuildFile; fileRef = 4B0E6BE0144E6C86005B8737 /* TableViewCellBasicInfo.m */; };
		4B0E6C11144E7DC8005B8737 /* CategoriesViewController.m in Sources */ = {isa = PBXBuildFile; fileRef = 4B0E6C0F144E7DC6005B8737 /* CategoriesViewController.m */; };
		4B0E6C12144E7DC8005B8737 /* CategoriesView.xib in Resources */ = {isa = PBXBuildFile; fileRef = 4B0E6C10144E7DC7005B8737 /* CategoriesView.xib */; };
		4B0E6C15144E7FF2005B8737 /* TableViewCellCategories.m in Sources */ = {isa = PBXBuildFile; fileRef = 4B0E6C14144E7FF2005B8737 /* TableViewCellCategories.m */; };
		4B0E6C2D144E85D1005B8737 /* TableViewCellCategories.xib in Resources */ = {isa = PBXBuildFile; fileRef = 4B0E6C2C144E85D1005B8737 /* TableViewCellCategories.xib */; };
		4B0E6C5D144F10CE005B8737 /* DescriptionViewController.m in Sources */ = {isa = PBXBuildFile; fileRef = 4B0E6C5B144F10CE005B8737 /* DescriptionViewController.m */; };
		4B0E6C5E144F10CE005B8737 /* DescriptionView.xib in Resources */ = {isa = PBXBuildFile; fileRef = 4B0E6C5C144F10CE005B8737 /* DescriptionView.xib */; };
		4B0E6C62144F11E3005B8737 /* AddressViewController.m in Sources */ = {isa = PBXBuildFile; fileRef = 4B0E6C60144F11E2005B8737 /* AddressViewController.m */; };
		4B0E6C63144F11E3005B8737 /* AddressView.xib in Resources */ = {isa = PBXBuildFile; fileRef = 4B0E6C61144F11E2005B8737 /* AddressView.xib */; };
		4B16CCA714251BFC000C544D /* Background_TVC_Home.png in Resources */ = {isa = PBXBuildFile; fileRef = 4B16CCA614251BFB000C544D /* Background_TVC_Home.png */; };
		4B16CCAA14252129000C544D /* UITableViewCell+Beautiful.m in Sources */ = {isa = PBXBuildFile; fileRef = 4B16CCA914252129000C544D /* UITableViewCell+Beautiful.m */; };
		4B16CCAD142523E1000C544D /* Background_TVC_Dons_Up.png in Resources */ = {isa = PBXBuildFile; fileRef = 4B16CCAB142523E0000C544D /* Background_TVC_Dons_Up.png */; };
		4B16CCAE142523E1000C544D /* Background_TVC_Dons_Down.png in Resources */ = {isa = PBXBuildFile; fileRef = 4B16CCAC142523E0000C544D /* Background_TVC_Dons_Down.png */; };
		4B488420141EFEEC0042040F /* MediaPlayer.framework in Frameworks */ = {isa = PBXBuildFile; fileRef = 4B48841F141EFEEC0042040F /* MediaPlayer.framework */; };
		4B59A90C143A0EB900824FC6 /* InformationManager.m in Sources */ = {isa = PBXBuildFile; fileRef = 4B59A90B143A0EB900824FC6 /* InformationManager.m */; };
		4B5AF905142F61A000815D46 /* libRestKitJSONParserJSONKit.a in Frameworks */ = {isa = PBXBuildFile; fileRef = 4B5AF8FA142F608C00815D46 /* libRestKitJSONParserJSONKit.a */; };
		4B5AF906142F61A000815D46 /* libRestKitNetwork.a in Frameworks */ = {isa = PBXBuildFile; fileRef = 4B5AF8EE142F608C00815D46 /* libRestKitNetwork.a */; };
		4B5AF907142F61A000815D46 /* libRestKitObjectMapping.a in Frameworks */ = {isa = PBXBuildFile; fileRef = 4B5AF8F0142F608C00815D46 /* libRestKitObjectMapping.a */; };
		4B5AF908142F61A000815D46 /* libRestKitSupport.a in Frameworks */ = {isa = PBXBuildFile; fileRef = 4B5AF8F2142F608C00815D46 /* libRestKitSupport.a */; };
		4B5AF90C142F61C800815D46 /* CFNetwork.framework in Frameworks */ = {isa = PBXBuildFile; fileRef = 4B5AF909142F61C800815D46 /* CFNetwork.framework */; };
		4B5AF90D142F61C800815D46 /* MobileCoreServices.framework in Frameworks */ = {isa = PBXBuildFile; fileRef = 4B5AF90A142F61C800815D46 /* MobileCoreServices.framework */; };
		4B5AF90E142F61C800815D46 /* SystemConfiguration.framework in Frameworks */ = {isa = PBXBuildFile; fileRef = 4B5AF90B142F61C800815D46 /* SystemConfiguration.framework */; };
		4B5C0CDC142FB94B007CDA55 /* Place.m in Sources */ = {isa = PBXBuildFile; fileRef = 4B5C0CDB142FB94B007CDA55 /* Place.m */; };
		4B609DFC141ED91800AEEC80 /* calculate.png in Resources */ = {isa = PBXBuildFile; fileRef = 4B609DF4141ED91800AEEC80 /* calculate.png */; };
		4B609DFD141ED91800AEEC80 /* calculate@2x.png in Resources */ = {isa = PBXBuildFile; fileRef = 4B609DF5141ED91800AEEC80 /* calculate@2x.png */; };
		4B609DFE141ED91800AEEC80 /* dnf.png in Resources */ = {isa = PBXBuildFile; fileRef = 4B609DF6141ED91800AEEC80 /* dnf.png */; };
		4B609DFF141ED91800AEEC80 /* dnf@2x.png in Resources */ = {isa = PBXBuildFile; fileRef = 4B609DF7141ED91800AEEC80 /* dnf@2x.png */; };
		4B609E00141ED91800AEEC80 /* dons.png in Resources */ = {isa = PBXBuildFile; fileRef = 4B609DF8141ED91800AEEC80 /* dons.png */; };
		4B609E01141ED91800AEEC80 /* dons@2x.png in Resources */ = {isa = PBXBuildFile; fileRef = 4B609DF9141ED91800AEEC80 /* dons@2x.png */; };
		4B609E02141ED91800AEEC80 /* geo.png in Resources */ = {isa = PBXBuildFile; fileRef = 4B609DFA141ED91800AEEC80 /* geo.png */; };
		4B609E03141ED91800AEEC80 /* geo@2x.png in Resources */ = {isa = PBXBuildFile; fileRef = 4B609DFB141ED91800AEEC80 /* geo@2x.png */; };
		4B6AD843141EE6E3000ACC87 /* Icon@2x.png in Resources */ = {isa = PBXBuildFile; fileRef = 4B6AD842141EE6E3000ACC87 /* Icon@2x.png */; };
		4B6AD845141EE6F0000ACC87 /* Default.png in Resources */ = {isa = PBXBuildFile; fileRef = 4B6AD844141EE6F0000ACC87 /* Default.png */; };
		4B6AD847141EE6F6000ACC87 /* Default@2x.png in Resources */ = {isa = PBXBuildFile; fileRef = 4B6AD846141EE6F6000ACC87 /* Default@2x.png */; };
		4B6D54B91426A91800C20CDE /* dnfvideo.mp4 in Resources */ = {isa = PBXBuildFile; fileRef = 4B6D54B81426A91800C20CDE /* dnfvideo.mp4 */; };
		4BA725AF1433FF1E00D3C98A /* DNFObjectManager.m in Sources */ = {isa = PBXBuildFile; fileRef = 4BA725AE1433FF1E00D3C98A /* DNFObjectManager.m */; };
		4BA725C9143416AF00D3C98A /* PlaceAnnotation.m in Sources */ = {isa = PBXBuildFile; fileRef = 4BA725C8143416AF00D3C98A /* PlaceAnnotation.m */; };
		4BA725CF14341C8500D3C98A /* CoreLocation.framework in Frameworks */ = {isa = PBXBuildFile; fileRef = 4BA725CE14341C8400D3C98A /* CoreLocation.framework */; };
		4BC7E317143B6151005E54CF /* Fondo_App.jpg in Resources */ = {isa = PBXBuildFile; fileRef = 4BC7E313143B6151005E54CF /* Fondo_App.jpg */; };
		4BC7E318143B6151005E54CF /* Fondo_App@2x.jpg in Resources */ = {isa = PBXBuildFile; fileRef = 4BC7E314143B6151005E54CF /* Fondo_App@2x.jpg */; };
		4BC7E319143B6151005E54CF /* Fondo_Donacion.jpg in Resources */ = {isa = PBXBuildFile; fileRef = 4BC7E315143B6151005E54CF /* Fondo_Donacion.jpg */; };
		4BC7E31A143B6151005E54CF /* Fondo_Donacion@2x.jpg in Resources */ = {isa = PBXBuildFile; fileRef = 4BC7E316143B6151005E54CF /* Fondo_Donacion@2x.jpg */; };
		4BD4DCBA1417093C009B0BB8 /* MapViewController.m in Sources */ = {isa = PBXBuildFile; fileRef = 4BD4DCB81417093C009B0BB8 /* MapViewController.m */; };
		4BD4DCBB1417093C009B0BB8 /* MapView.xib in Resources */ = {isa = PBXBuildFile; fileRef = 4BD4DCB91417093C009B0BB8 /* MapView.xib */; };
		4BD4DCBE14170A57009B0BB8 /* MapKit.framework in Frameworks */ = {isa = PBXBuildFile; fileRef = 4BD4DCBD14170A57009B0BB8 /* MapKit.framework */; };
		4BFB3AF5140FD47D009283A6 /* UIKit.framework in Frameworks */ = {isa = PBXBuildFile; fileRef = 4BFB3AF4140FD47D009283A6 /* UIKit.framework */; };
		4BFB3AF7140FD47D009283A6 /* Foundation.framework in Frameworks */ = {isa = PBXBuildFile; fileRef = 4BFB3AF6140FD47D009283A6 /* Foundation.framework */; };
		4BFB3AF9140FD47D009283A6 /* CoreGraphics.framework in Frameworks */ = {isa = PBXBuildFile; fileRef = 4BFB3AF8140FD47D009283A6 /* CoreGraphics.framework */; };
		4BFB3AFF140FD47D009283A6 /* InfoPlist.strings in Resources */ = {isa = PBXBuildFile; fileRef = 4BFB3AFD140FD47D009283A6 /* InfoPlist.strings */; };
		4BFB3B01140FD47D009283A6 /* main.m in Sources */ = {isa = PBXBuildFile; fileRef = 4BFB3B00140FD47D009283A6 /* main.m */; };
		4BFB3B05140FD47D009283A6 /* DNFAppDelegate.m in Sources */ = {isa = PBXBuildFile; fileRef = 4BFB3B04140FD47D009283A6 /* DNFAppDelegate.m */; };
		4BFB3B08140FD47D009283A6 /* MainWindow.xib in Resources */ = {isa = PBXBuildFile; fileRef = 4BFB3B06140FD47D009283A6 /* MainWindow.xib */; };
		4BFB3B35140FD4E9009283A6 /* CalculetteView.xib in Resources */ = {isa = PBXBuildFile; fileRef = 4BFB3B20140FD4E9009283A6 /* CalculetteView.xib */; };
		4BFB3B36140FD4E9009283A6 /* CalculetteViewController.m in Sources */ = {isa = PBXBuildFile; fileRef = 4BFB3B22140FD4E9009283A6 /* CalculetteViewController.m */; };
		4BFB3B37140FD4E9009283A6 /* CoachView.xib in Resources */ = {isa = PBXBuildFile; fileRef = 4BFB3B23140FD4E9009283A6 /* CoachView.xib */; };
		4BFB3B38140FD4E9009283A6 /* CoachViewController.m in Sources */ = {isa = PBXBuildFile; fileRef = 4BFB3B25140FD4E9009283A6 /* CoachViewController.m */; };
		4BFB3B39140FD4E9009283A6 /* DonsView.xib in Resources */ = {isa = PBXBuildFile; fileRef = 4BFB3B26140FD4E9009283A6 /* DonsView.xib */; };
		4BFB3B3A140FD4E9009283A6 /* DonsViewController.m in Sources */ = {isa = PBXBuildFile; fileRef = 4BFB3B28140FD4E9009283A6 /* DonsViewController.m */; };
		4BFB3B3B140FD4E9009283A6 /* DonsWebView.xib in Resources */ = {isa = PBXBuildFile; fileRef = 4BFB3B29140FD4E9009283A6 /* DonsWebView.xib */; };
		4BFB3B3C140FD4E9009283A6 /* DonsWebViewController.m in Sources */ = {isa = PBXBuildFile; fileRef = 4BFB3B2B140FD4E9009283A6 /* DonsWebViewController.m */; };
		4BFB3B3D140FD4E9009283A6 /* GeolocView.xib in Resources */ = {isa = PBXBuildFile; fileRef = 4BFB3B2C140FD4E9009283A6 /* GeolocView.xib */; };
		4BFB3B3E140FD4E9009283A6 /* GeolocViewController.m in Sources */ = {isa = PBXBuildFile; fileRef = 4BFB3B2E140FD4E9009283A6 /* GeolocViewController.m */; };
		4BFB3B3F140FD4E9009283A6 /* HomeView.xib in Resources */ = {isa = PBXBuildFile; fileRef = 4BFB3B2F140FD4E9009283A6 /* HomeView.xib */; };
		4BFB3B40140FD4E9009283A6 /* HomeViewController.m in Sources */ = {isa = PBXBuildFile; fileRef = 4BFB3B31140FD4E9009283A6 /* HomeViewController.m */; };
		4BFB3B41140FD4E9009283A6 /* InformationView.xib in Resources */ = {isa = PBXBuildFile; fileRef = 4BFB3B32140FD4E9009283A6 /* InformationView.xib */; };
		4BFB3B42140FD4E9009283A6 /* InformationViewController.m in Sources */ = {isa = PBXBuildFile; fileRef = 4BFB3B34140FD4E9009283A6 /* InformationViewController.m */; };
		4BFB3B70140FD504009283A6 /* Facebook.m in Sources */ = {isa = PBXBuildFile; fileRef = 4BFB3B46140FD504009283A6 /* Facebook.m */; };
		4BFB3B71140FD504009283A6 /* FBDialog.bundle in Resources */ = {isa = PBXBuildFile; fileRef = 4BFB3B48140FD504009283A6 /* FBDialog.bundle */; };
		4BFB3B72140FD504009283A6 /* FBDialog.m in Sources */ = {isa = PBXBuildFile; fileRef = 4BFB3B4A140FD504009283A6 /* FBDialog.m */; };
		4BFB3B73140FD504009283A6 /* FBLoginDialog.m in Sources */ = {isa = PBXBuildFile; fileRef = 4BFB3B4C140FD504009283A6 /* FBLoginDialog.m */; };
		4BFB3B74140FD504009283A6 /* FBRequest.m in Sources */ = {isa = PBXBuildFile; fileRef = 4BFB3B4E140FD504009283A6 /* FBRequest.m */; };
		4BFB3B75140FD504009283A6 /* MBProgressHUD.m in Sources */ = {isa = PBXBuildFile; fileRef = 4BFB3B51140FD504009283A6 /* MBProgressHUD.m */; };
		4BFB3B76140FD504009283A6 /* TPKeyboardAvoidingScrollView.m in Sources */ = {isa = PBXBuildFile; fileRef = 4BFB3B53140FD504009283A6 /* TPKeyboardAvoidingScrollView.m */; };
		4BFB3B77140FD504009283A6 /* NSObject+SBJson.m in Sources */ = {isa = PBXBuildFile; fileRef = 4BFB3B56140FD504009283A6 /* NSObject+SBJson.m */; };
		4BFB3B78140FD504009283A6 /* SBJsonParser.m in Sources */ = {isa = PBXBuildFile; fileRef = 4BFB3B59140FD504009283A6 /* SBJsonParser.m */; };
		4BFB3B79140FD504009283A6 /* SBJsonStreamParser.m in Sources */ = {isa = PBXBuildFile; fileRef = 4BFB3B5B140FD504009283A6 /* SBJsonStreamParser.m */; };
		4BFB3B7A140FD504009283A6 /* SBJsonStreamParserAccumulator.m in Sources */ = {isa = PBXBuildFile; fileRef = 4BFB3B5D140FD504009283A6 /* SBJsonStreamParserAccumulator.m */; };
		4BFB3B7B140FD504009283A6 /* SBJsonStreamParserState.m in Sources */ = {isa = PBXBuildFile; fileRef = 4BFB3B5F140FD504009283A6 /* SBJsonStreamParserState.m */; };
		4BFB3B7C140FD504009283A6 /* SBJsonStreamWriter.m in Sources */ = {isa = PBXBuildFile; fileRef = 4BFB3B61140FD504009283A6 /* SBJsonStreamWriter.m */; };
		4BFB3B7D140FD504009283A6 /* SBJsonStreamWriterAccumulator.m in Sources */ = {isa = PBXBuildFile; fileRef = 4BFB3B63140FD504009283A6 /* SBJsonStreamWriterAccumulator.m */; };
		4BFB3B7E140FD504009283A6 /* SBJsonStreamWriterState.m in Sources */ = {isa = PBXBuildFile; fileRef = 4BFB3B65140FD504009283A6 /* SBJsonStreamWriterState.m */; };
		4BFB3B7F140FD504009283A6 /* SBJsonTokeniser.m in Sources */ = {isa = PBXBuildFile; fileRef = 4BFB3B67140FD504009283A6 /* SBJsonTokeniser.m */; };
		4BFB3B80140FD504009283A6 /* SBJsonUTF8Stream.m in Sources */ = {isa = PBXBuildFile; fileRef = 4BFB3B69140FD504009283A6 /* SBJsonUTF8Stream.m */; };
		4BFB3B81140FD504009283A6 /* SBJsonWriter.m in Sources */ = {isa = PBXBuildFile; fileRef = 4BFB3B6B140FD504009283A6 /* SBJsonWriter.m */; };
		4BFB3B82140FD504009283A6 /* Icon.png in Resources */ = {isa = PBXBuildFile; fileRef = 4BFB3B6C140FD504009283A6 /* Icon.png */; };
		4BFB3B83140FD504009283A6 /* f_logo.png in Resources */ = {isa = PBXBuildFile; fileRef = 4BFB3B6E140FD504009283A6 /* f_logo.png */; };
		4BFB3B84140FD504009283A6 /* Logo_DNF.png in Resources */ = {isa = PBXBuildFile; fileRef = 4BFB3B6F140FD504009283A6 /* Logo_DNF.png */; };
/* End PBXBuildFile section */

/* Begin PBXContainerItemProxy section */
		4B5AF8ED142F608C00815D46 /* PBXContainerItemProxy */ = {
			isa = PBXContainerItemProxy;
			containerPortal = 4B5AF8D9142F608C00815D46 /* RestKit.xcodeproj */;
			proxyType = 2;
			remoteGlobalIDString = 253A07FC1255161B00976E89;
			remoteInfo = RestKitNetwork;
		};
		4B5AF8EF142F608C00815D46 /* PBXContainerItemProxy */ = {
			isa = PBXContainerItemProxy;
			containerPortal = 4B5AF8D9142F608C00815D46 /* RestKit.xcodeproj */;
			proxyType = 2;
			remoteGlobalIDString = 253A08031255162C00976E89;
			remoteInfo = RestKitObjectMapping;
		};
		4B5AF8F1142F608C00815D46 /* PBXContainerItemProxy */ = {
			isa = PBXContainerItemProxy;
			containerPortal = 4B5AF8D9142F608C00815D46 /* RestKit.xcodeproj */;
			proxyType = 2;
			remoteGlobalIDString = 253A080C12551D3000976E89;
			remoteInfo = RestKitSupport;
		};
		4B5AF8F3142F608C00815D46 /* PBXContainerItemProxy */ = {
			isa = PBXContainerItemProxy;
			containerPortal = 4B5AF8D9142F608C00815D46 /* RestKit.xcodeproj */;
			proxyType = 2;
			remoteGlobalIDString = 20808DBD13DE8CDC000A156A;
			remoteInfo = "RestKitJSONParser+NXJSON";
		};
		4B5AF8F5142F608C00815D46 /* PBXContainerItemProxy */ = {
			isa = PBXContainerItemProxy;
			containerPortal = 4B5AF8D9142F608C00815D46 /* RestKit.xcodeproj */;
			proxyType = 2;
			remoteGlobalIDString = 2590E64F125231F600531FA8;
			remoteInfo = "RestKitJSONParser+YAJL";
		};
		4B5AF8F7142F608C00815D46 /* PBXContainerItemProxy */ = {
			isa = PBXContainerItemProxy;
			containerPortal = 4B5AF8D9142F608C00815D46 /* RestKit.xcodeproj */;
			proxyType = 2;
			remoteGlobalIDString = 2590E66B1252353700531FA8;
			remoteInfo = "RestKitJSONParser+SBJSON";
		};
		4B5AF8F9142F608C00815D46 /* PBXContainerItemProxy */ = {
			isa = PBXContainerItemProxy;
			containerPortal = 4B5AF8D9142F608C00815D46 /* RestKit.xcodeproj */;
			proxyType = 2;
			remoteGlobalIDString = 73057FD11331AD2E001908EE;
			remoteInfo = "RestKitJSONParser+JSONKit";
		};
		4B5AF8FB142F608C00815D46 /* PBXContainerItemProxy */ = {
			isa = PBXContainerItemProxy;
			containerPortal = 4B5AF8D9142F608C00815D46 /* RestKit.xcodeproj */;
			proxyType = 2;
			remoteGlobalIDString = 25BD43BD1340315800DBACDD;
			remoteInfo = "RestKitXMLParser+Libxml";
		};
		4B5AF8FD142F608C00815D46 /* PBXContainerItemProxy */ = {
			isa = PBXContainerItemProxy;
			containerPortal = 4B5AF8D9142F608C00815D46 /* RestKit.xcodeproj */;
			proxyType = 2;
			remoteGlobalIDString = 253A081412551D5300976E89;
			remoteInfo = RestKitCoreData;
		};
		4B5AF8FF142F608C00815D46 /* PBXContainerItemProxy */ = {
			isa = PBXContainerItemProxy;
			containerPortal = 4B5AF8D9142F608C00815D46 /* RestKit.xcodeproj */;
			proxyType = 2;
			remoteGlobalIDString = 2523360511E79F090048F9B4;
			remoteInfo = RestKitThree20;
		};
		4B5AF901142F608C00815D46 /* PBXContainerItemProxy */ = {
			isa = PBXContainerItemProxy;
			containerPortal = 4B5AF8D9142F608C00815D46 /* RestKit.xcodeproj */;
			proxyType = 2;
			remoteGlobalIDString = 3F6C39A510FE5C95008F47C5;
			remoteInfo = "RestKit Specs";
		};
		4B5AF903142F614600815D46 /* PBXContainerItemProxy */ = {
			isa = PBXContainerItemProxy;
			containerPortal = 4B5AF8D9142F608C00815D46 /* RestKit.xcodeproj */;
			proxyType = 1;
			remoteGlobalIDString = 255B7588133BABBF00ED76AD;
			remoteInfo = RestKit;
		};
/* End PBXContainerItemProxy section */

/* Begin PBXFileReference section */
		4B0230701436AA8100A1F864 /* PlaceAnnotationView.h */ = {isa = PBXFileReference; fileEncoding = 4; lastKnownFileType = sourcecode.c.h; path = PlaceAnnotationView.h; sourceTree = "<group>"; };
		4B0230711436AA8100A1F864 /* PlaceAnnotationView.m */ = {isa = PBXFileReference; fileEncoding = 4; lastKnownFileType = sourcecode.c.objc; path = PlaceAnnotationView.m; sourceTree = "<group>"; };
		4B0B502E14355906006C9A66 /* DonsInfoViewController.h */ = {isa = PBXFileReference; fileEncoding = 4; lastKnownFileType = sourcecode.c.h; path = DonsInfoViewController.h; sourceTree = "<group>"; };
		4B0B502F14355906006C9A66 /* DonsInfoViewController.m */ = {isa = PBXFileReference; fileEncoding = 4; lastKnownFileType = sourcecode.c.objc; path = DonsInfoViewController.m; sourceTree = "<group>"; };
		4B0B503014355907006C9A66 /* DonsInfoView.xib */ = {isa = PBXFileReference; fileEncoding = 4; lastKnownFileType = file.xib; path = DonsInfoView.xib; sourceTree = "<group>"; };
		4B0B503414356D4E006C9A66 /* SDImageCache.h */ = {isa = PBXFileReference; fileEncoding = 4; lastKnownFileType = sourcecode.c.h; path = SDImageCache.h; sourceTree = "<group>"; };
		4B0B503514356D4E006C9A66 /* SDImageCache.m */ = {isa = PBXFileReference; fileEncoding = 4; lastKnownFileType = sourcecode.c.objc; path = SDImageCache.m; sourceTree = "<group>"; };
		4B0B503614356D4E006C9A66 /* SDImageCacheDelegate.h */ = {isa = PBXFileReference; fileEncoding = 4; lastKnownFileType = sourcecode.c.h; path = SDImageCacheDelegate.h; sourceTree = "<group>"; };
		4B0B503714356D4E006C9A66 /* SDWebImageCompat.h */ = {isa = PBXFileReference; fileEncoding = 4; lastKnownFileType = sourcecode.c.h; path = SDWebImageCompat.h; sourceTree = "<group>"; };
		4B0B503814356D4E006C9A66 /* SDWebImageDownloader.h */ = {isa = PBXFileReference; fileEncoding = 4; lastKnownFileType = sourcecode.c.h; path = SDWebImageDownloader.h; sourceTree = "<group>"; };
		4B0B503914356D4E006C9A66 /* SDWebImageDownloader.m */ = {isa = PBXFileReference; fileEncoding = 4; lastKnownFileType = sourcecode.c.objc; path = SDWebImageDownloader.m; sourceTree = "<group>"; };
		4B0B503A14356D4E006C9A66 /* SDWebImageDownloaderDelegate.h */ = {isa = PBXFileReference; fileEncoding = 4; lastKnownFileType = sourcecode.c.h; path = SDWebImageDownloaderDelegate.h; sourceTree = "<group>"; };
		4B0B503B14356D4E006C9A66 /* SDWebImageManager.h */ = {isa = PBXFileReference; fileEncoding = 4; lastKnownFileType = sourcecode.c.h; path = SDWebImageManager.h; sourceTree = "<group>"; };
		4B0B503C14356D4E006C9A66 /* SDWebImageManager.m */ = {isa = PBXFileReference; fileEncoding = 4; lastKnownFileType = sourcecode.c.objc; path = SDWebImageManager.m; sourceTree = "<group>"; };
		4B0B503D14356D4E006C9A66 /* SDWebImageManagerDelegate.h */ = {isa = PBXFileReference; fileEncoding = 4; lastKnownFileType = sourcecode.c.h; path = SDWebImageManagerDelegate.h; sourceTree = "<group>"; };
		4B0B503E14356D4E006C9A66 /* UIButton+WebCache.h */ = {isa = PBXFileReference; fileEncoding = 4; lastKnownFileType = sourcecode.c.h; path = "UIButton+WebCache.h"; sourceTree = "<group>"; };
		4B0B503F14356D4E006C9A66 /* UIButton+WebCache.m */ = {isa = PBXFileReference; fileEncoding = 4; lastKnownFileType = sourcecode.c.objc; path = "UIButton+WebCache.m"; sourceTree = "<group>"; };
		4B0B504014356D4E006C9A66 /* UIImageView+WebCache.h */ = {isa = PBXFileReference; fileEncoding = 4; lastKnownFileType = sourcecode.c.h; path = "UIImageView+WebCache.h"; sourceTree = "<group>"; };
		4B0B504114356D4E006C9A66 /* UIImageView+WebCache.m */ = {isa = PBXFileReference; fileEncoding = 4; lastKnownFileType = sourcecode.c.objc; path = "UIImageView+WebCache.m"; sourceTree = "<group>"; };
		4B0B50601435766C006C9A66 /* ping_cafe.png */ = {isa = PBXFileReference; lastKnownFileType = image.png; path = ping_cafe.png; sourceTree = "<group>"; };
		4B0E6BD9144E6A23005B8737 /* AddPlaceViewController.h */ = {isa = PBXFileReference; fileEncoding = 4; lastKnownFileType = sourcecode.c.h; path = AddPlaceViewController.h; sourceTree = "<group>"; };
		4B0E6BDA144E6A23005B8737 /* AddPlaceViewController.m */ = {isa = PBXFileReference; fileEncoding = 4; lastKnownFileType = sourcecode.c.objc; path = AddPlaceViewController.m; sourceTree = "<group>"; };
		4B0E6BDB144E6A23005B8737 /* AddPlaceView.xib */ = {isa = PBXFileReference; fileEncoding = 4; lastKnownFileType = file.xib; path = AddPlaceView.xib; sourceTree = "<group>"; };
		4B0E6BDF144E6C86005B8737 /* TableViewCellBasicInfo.h */ = {isa = PBXFileReference; fileEncoding = 4; lastKnownFileType = sourcecode.c.h; path = TableViewCellBasicInfo.h; sourceTree = "<group>"; };
		4B0E6BE0144E6C86005B8737 /* TableViewCellBasicInfo.m */ = {isa = PBXFileReference; fileEncoding = 4; lastKnownFileType = sourcecode.c.objc; path = TableViewCellBasicInfo.m; sourceTree = "<group>"; };
		4B0E6C0E144E7DC6005B8737 /* CategoriesViewController.h */ = {isa = PBXFileReference; fileEncoding = 4; lastKnownFileType = sourcecode.c.h; path = CategoriesViewController.h; sourceTree = "<group>"; };
		4B0E6C0F144E7DC6005B8737 /* CategoriesViewController.m */ = {isa = PBXFileReference; fileEncoding = 4; lastKnownFileType = sourcecode.c.objc; path = CategoriesViewController.m; sourceTree = "<group>"; };
		4B0E6C10144E7DC7005B8737 /* CategoriesView.xib */ = {isa = PBXFileReference; fileEncoding = 4; lastKnownFileType = file.xib; path = CategoriesView.xib; sourceTree = "<group>"; };
		4B0E6C13144E7FF2005B8737 /* TableViewCellCategories.h */ = {isa = PBXFileReference; fileEncoding = 4; lastKnownFileType = sourcecode.c.h; path = TableViewCellCategories.h; sourceTree = "<group>"; };
		4B0E6C14144E7FF2005B8737 /* TableViewCellCategories.m */ = {isa = PBXFileReference; fileEncoding = 4; lastKnownFileType = sourcecode.c.objc; path = TableViewCellCategories.m; sourceTree = "<group>"; };
		4B0E6C2C144E85D1005B8737 /* TableViewCellCategories.xib */ = {isa = PBXFileReference; fileEncoding = 4; lastKnownFileType = file.xib; path = TableViewCellCategories.xib; sourceTree = "<group>"; };
		4B0E6C5A144F10CE005B8737 /* DescriptionViewController.h */ = {isa = PBXFileReference; fileEncoding = 4; lastKnownFileType = sourcecode.c.h; path = DescriptionViewController.h; sourceTree = "<group>"; };
		4B0E6C5B144F10CE005B8737 /* DescriptionViewController.m */ = {isa = PBXFileReference; fileEncoding = 4; lastKnownFileType = sourcecode.c.objc; path = DescriptionViewController.m; sourceTree = "<group>"; };
		4B0E6C5C144F10CE005B8737 /* DescriptionView.xib */ = {isa = PBXFileReference; fileEncoding = 4; lastKnownFileType = file.xib; path = DescriptionView.xib; sourceTree = "<group>"; };
		4B0E6C5F144F11E2005B8737 /* AddressViewController.h */ = {isa = PBXFileReference; fileEncoding = 4; lastKnownFileType = sourcecode.c.h; path = AddressViewController.h; sourceTree = "<group>"; };
		4B0E6C60144F11E2005B8737 /* AddressViewController.m */ = {isa = PBXFileReference; fileEncoding = 4; lastKnownFileType = sourcecode.c.objc; path = AddressViewController.m; sourceTree = "<group>"; };
		4B0E6C61144F11E2005B8737 /* AddressView.xib */ = {isa = PBXFileReference; fileEncoding = 4; lastKnownFileType = file.xib; path = AddressView.xib; sourceTree = "<group>"; };
		4B16CCA614251BFB000C544D /* Background_TVC_Home.png */ = {isa = PBXFileReference; lastKnownFileType = image.png; path = Background_TVC_Home.png; sourceTree = "<group>"; };
		4B16CCA814252128000C544D /* UITableViewCell+Beautiful.h */ = {isa = PBXFileReference; fileEncoding = 4; lastKnownFileType = sourcecode.c.h; path = "UITableViewCell+Beautiful.h"; sourceTree = "<group>"; };
		4B16CCA914252129000C544D /* UITableViewCell+Beautiful.m */ = {isa = PBXFileReference; fileEncoding = 4; lastKnownFileType = sourcecode.c.objc; path = "UITableViewCell+Beautiful.m"; sourceTree = "<group>"; };
		4B16CCAB142523E0000C544D /* Background_TVC_Dons_Up.png */ = {isa = PBXFileReference; lastKnownFileType = image.png; path = Background_TVC_Dons_Up.png; sourceTree = "<group>"; };
		4B16CCAC142523E0000C544D /* Background_TVC_Dons_Down.png */ = {isa = PBXFileReference; lastKnownFileType = image.png; path = Background_TVC_Dons_Down.png; sourceTree = "<group>"; };
		4B41869014268F8100B08267 /* fr */ = {isa = PBXFileReference; lastKnownFileType = file.xib; name = fr; path = /Users/Xtr3m0/Documents/Proyectos/DNF/DNF/fr.lproj/MainWindow.xib; sourceTree = "<absolute>"; };
		4B41869114268F8100B08267 /* fr */ = {isa = PBXFileReference; lastKnownFileType = text.plist.strings; name = fr; path = /Users/Xtr3m0/Documents/Proyectos/DNF/DNF/fr.lproj/InfoPlist.strings; sourceTree = "<absolute>"; };
		4B48841F141EFEEC0042040F /* MediaPlayer.framework */ = {isa = PBXFileReference; lastKnownFileType = wrapper.framework; name = MediaPlayer.framework; path = System/Library/Frameworks/MediaPlayer.framework; sourceTree = SDKROOT; };
		4B59A90A143A0EB900824FC6 /* InformationManager.h */ = {isa = PBXFileReference; fileEncoding = 4; lastKnownFileType = sourcecode.c.h; path = InformationManager.h; sourceTree = "<group>"; };
		4B59A90B143A0EB900824FC6 /* InformationManager.m */ = {isa = PBXFileReference; fileEncoding = 4; lastKnownFileType = sourcecode.c.objc; path = InformationManager.m; sourceTree = "<group>"; };
		4B5AF8D9142F608C00815D46 /* RestKit.xcodeproj */ = {isa = PBXFileReference; lastKnownFileType = "wrapper.pb-project"; name = RestKit.xcodeproj; path = RestKit/RestKit.xcodeproj; sourceTree = "<group>"; };
		4B5AF909142F61C800815D46 /* CFNetwork.framework */ = {isa = PBXFileReference; lastKnownFileType = wrapper.framework; name = CFNetwork.framework; path = System/Library/Frameworks/CFNetwork.framework; sourceTree = SDKROOT; };
		4B5AF90A142F61C800815D46 /* MobileCoreServices.framework */ = {isa = PBXFileReference; lastKnownFileType = wrapper.framework; name = MobileCoreServices.framework; path = System/Library/Frameworks/MobileCoreServices.framework; sourceTree = SDKROOT; };
		4B5AF90B142F61C800815D46 /* SystemConfiguration.framework */ = {isa = PBXFileReference; lastKnownFileType = wrapper.framework; name = SystemConfiguration.framework; path = System/Library/Frameworks/SystemConfiguration.framework; sourceTree = SDKROOT; };
		4B5C0CDA142FB94B007CDA55 /* Place.h */ = {isa = PBXFileReference; fileEncoding = 4; lastKnownFileType = sourcecode.c.h; path = Place.h; sourceTree = "<group>"; };
		4B5C0CDB142FB94B007CDA55 /* Place.m */ = {isa = PBXFileReference; fileEncoding = 4; lastKnownFileType = sourcecode.c.objc; path = Place.m; sourceTree = "<group>"; };
		4B609DF4141ED91800AEEC80 /* calculate.png */ = {isa = PBXFileReference; lastKnownFileType = image.png; path = calculate.png; sourceTree = "<group>"; };
		4B609DF5141ED91800AEEC80 /* calculate@2x.png */ = {isa = PBXFileReference; lastKnownFileType = image.png; path = "calculate@2x.png"; sourceTree = "<group>"; };
		4B609DF6141ED91800AEEC80 /* dnf.png */ = {isa = PBXFileReference; lastKnownFileType = image.png; path = dnf.png; sourceTree = "<group>"; };
		4B609DF7141ED91800AEEC80 /* dnf@2x.png */ = {isa = PBXFileReference; lastKnownFileType = image.png; path = "dnf@2x.png"; sourceTree = "<group>"; };
		4B609DF8141ED91800AEEC80 /* dons.png */ = {isa = PBXFileReference; lastKnownFileType = image.png; path = dons.png; sourceTree = "<group>"; };
		4B609DF9141ED91800AEEC80 /* dons@2x.png */ = {isa = PBXFileReference; lastKnownFileType = image.png; path = "dons@2x.png"; sourceTree = "<group>"; };
		4B609DFA141ED91800AEEC80 /* geo.png */ = {isa = PBXFileReference; lastKnownFileType = image.png; path = geo.png; sourceTree = "<group>"; };
		4B609DFB141ED91800AEEC80 /* geo@2x.png */ = {isa = PBXFileReference; lastKnownFileType = image.png; path = "geo@2x.png"; sourceTree = "<group>"; };
		4B6AD842141EE6E3000ACC87 /* Icon@2x.png */ = {isa = PBXFileReference; lastKnownFileType = image.png; name = "Icon@2x.png"; path = "../Icon@2x.png"; sourceTree = "<group>"; };
		4B6AD844141EE6F0000ACC87 /* Default.png */ = {isa = PBXFileReference; lastKnownFileType = image.png; name = Default.png; path = ../Default.png; sourceTree = "<group>"; };
		4B6AD846141EE6F6000ACC87 /* Default@2x.png */ = {isa = PBXFileReference; lastKnownFileType = image.png; name = "Default@2x.png"; path = "../Default@2x.png"; sourceTree = "<group>"; };
		4B6D54B81426A91800C20CDE /* dnfvideo.mp4 */ = {isa = PBXFileReference; lastKnownFileType = file; path = dnfvideo.mp4; sourceTree = "<group>"; };
		4BA725AD1433FF1E00D3C98A /* DNFObjectManager.h */ = {isa = PBXFileReference; fileEncoding = 4; lastKnownFileType = sourcecode.c.h; path = DNFObjectManager.h; sourceTree = "<group>"; };
		4BA725AE1433FF1E00D3C98A /* DNFObjectManager.m */ = {isa = PBXFileReference; fileEncoding = 4; lastKnownFileType = sourcecode.c.objc; path = DNFObjectManager.m; sourceTree = "<group>"; };
		4BA725C7143416AF00D3C98A /* PlaceAnnotation.h */ = {isa = PBXFileReference; fileEncoding = 4; lastKnownFileType = sourcecode.c.h; path = PlaceAnnotation.h; sourceTree = "<group>"; };
		4BA725C8143416AF00D3C98A /* PlaceAnnotation.m */ = {isa = PBXFileReference; fileEncoding = 4; lastKnownFileType = sourcecode.c.objc; path = PlaceAnnotation.m; sourceTree = "<group>"; };
		4BA725CE14341C8400D3C98A /* CoreLocation.framework */ = {isa = PBXFileReference; lastKnownFileType = wrapper.framework; name = CoreLocation.framework; path = System/Library/Frameworks/CoreLocation.framework; sourceTree = SDKROOT; };
		4BC7E313143B6151005E54CF /* Fondo_App.jpg */ = {isa = PBXFileReference; lastKnownFileType = image.jpeg; path = Fondo_App.jpg; sourceTree = "<group>"; };
		4BC7E314143B6151005E54CF /* Fondo_App@2x.jpg */ = {isa = PBXFileReference; lastKnownFileType = image.jpeg; path = "Fondo_App@2x.jpg"; sourceTree = "<group>"; };
		4BC7E315143B6151005E54CF /* Fondo_Donacion.jpg */ = {isa = PBXFileReference; lastKnownFileType = image.jpeg; path = Fondo_Donacion.jpg; sourceTree = "<group>"; };
		4BC7E316143B6151005E54CF /* Fondo_Donacion@2x.jpg */ = {isa = PBXFileReference; lastKnownFileType = image.jpeg; path = "Fondo_Donacion@2x.jpg"; sourceTree = "<group>"; };
		4BD4DCB71417093C009B0BB8 /* MapViewController.h */ = {isa = PBXFileReference; fileEncoding = 4; lastKnownFileType = sourcecode.c.h; path = MapViewController.h; sourceTree = "<group>"; };
		4BD4DCB81417093C009B0BB8 /* MapViewController.m */ = {isa = PBXFileReference; fileEncoding = 4; lastKnownFileType = sourcecode.c.objc; path = MapViewController.m; sourceTree = "<group>"; };
		4BD4DCB91417093C009B0BB8 /* MapView.xib */ = {isa = PBXFileReference; fileEncoding = 4; lastKnownFileType = file.xib; path = MapView.xib; sourceTree = "<group>"; };
		4BD4DCBD14170A57009B0BB8 /* MapKit.framework */ = {isa = PBXFileReference; lastKnownFileType = wrapper.framework; name = MapKit.framework; path = System/Library/Frameworks/MapKit.framework; sourceTree = SDKROOT; };
		4BFB3AF0140FD47D009283A6 /* DNF.app */ = {isa = PBXFileReference; explicitFileType = wrapper.application; includeInIndex = 0; path = DNF.app; sourceTree = BUILT_PRODUCTS_DIR; };
		4BFB3AF4140FD47D009283A6 /* UIKit.framework */ = {isa = PBXFileReference; lastKnownFileType = wrapper.framework; name = UIKit.framework; path = System/Library/Frameworks/UIKit.framework; sourceTree = SDKROOT; };
		4BFB3AF6140FD47D009283A6 /* Foundation.framework */ = {isa = PBXFileReference; lastKnownFileType = wrapper.framework; name = Foundation.framework; path = System/Library/Frameworks/Foundation.framework; sourceTree = SDKROOT; };
		4BFB3AF8140FD47D009283A6 /* CoreGraphics.framework */ = {isa = PBXFileReference; lastKnownFileType = wrapper.framework; name = CoreGraphics.framework; path = System/Library/Frameworks/CoreGraphics.framework; sourceTree = SDKROOT; };
		4BFB3AFC140FD47D009283A6 /* DNF-Info.plist */ = {isa = PBXFileReference; lastKnownFileType = text.plist.xml; path = "DNF-Info.plist"; sourceTree = "<group>"; };
		4BFB3B00140FD47D009283A6 /* main.m */ = {isa = PBXFileReference; lastKnownFileType = sourcecode.c.objc; path = main.m; sourceTree = "<group>"; };
		4BFB3B02140FD47D009283A6 /* DNF-Prefix.pch */ = {isa = PBXFileReference; lastKnownFileType = sourcecode.c.h; path = "DNF-Prefix.pch"; sourceTree = "<group>"; };
		4BFB3B03140FD47D009283A6 /* DNFAppDelegate.h */ = {isa = PBXFileReference; lastKnownFileType = sourcecode.c.h; path = DNFAppDelegate.h; sourceTree = "<group>"; };
		4BFB3B04140FD47D009283A6 /* DNFAppDelegate.m */ = {isa = PBXFileReference; lastKnownFileType = sourcecode.c.objc; path = DNFAppDelegate.m; sourceTree = "<group>"; };
		4BFB3B1F140FD4E9009283A6 /* AppConfig.h */ = {isa = PBXFileReference; fileEncoding = 4; lastKnownFileType = sourcecode.c.h; path = AppConfig.h; sourceTree = "<group>"; };
		4BFB3B20140FD4E9009283A6 /* CalculetteView.xib */ = {isa = PBXFileReference; fileEncoding = 4; lastKnownFileType = file.xib; path = CalculetteView.xib; sourceTree = "<group>"; };
		4BFB3B21140FD4E9009283A6 /* CalculetteViewController.h */ = {isa = PBXFileReference; fileEncoding = 4; lastKnownFileType = sourcecode.c.h; path = CalculetteViewController.h; sourceTree = "<group>"; };
		4BFB3B22140FD4E9009283A6 /* CalculetteViewController.m */ = {isa = PBXFileReference; fileEncoding = 4; lastKnownFileType = sourcecode.c.objc; path = CalculetteViewController.m; sourceTree = "<group>"; };
		4BFB3B23140FD4E9009283A6 /* CoachView.xib */ = {isa = PBXFileReference; fileEncoding = 4; lastKnownFileType = file.xib; path = CoachView.xib; sourceTree = "<group>"; };
		4BFB3B24140FD4E9009283A6 /* CoachViewController.h */ = {isa = PBXFileReference; fileEncoding = 4; lastKnownFileType = sourcecode.c.h; path = CoachViewController.h; sourceTree = "<group>"; };
		4BFB3B25140FD4E9009283A6 /* CoachViewController.m */ = {isa = PBXFileReference; fileEncoding = 4; lastKnownFileType = sourcecode.c.objc; path = CoachViewController.m; sourceTree = "<group>"; };
		4BFB3B26140FD4E9009283A6 /* DonsView.xib */ = {isa = PBXFileReference; fileEncoding = 4; lastKnownFileType = file.xib; path = DonsView.xib; sourceTree = "<group>"; };
		4BFB3B27140FD4E9009283A6 /* DonsViewController.h */ = {isa = PBXFileReference; fileEncoding = 4; lastKnownFileType = sourcecode.c.h; path = DonsViewController.h; sourceTree = "<group>"; };
		4BFB3B28140FD4E9009283A6 /* DonsViewController.m */ = {isa = PBXFileReference; fileEncoding = 4; lastKnownFileType = sourcecode.c.objc; path = DonsViewController.m; sourceTree = "<group>"; };
		4BFB3B29140FD4E9009283A6 /* DonsWebView.xib */ = {isa = PBXFileReference; fileEncoding = 4; lastKnownFileType = file.xib; path = DonsWebView.xib; sourceTree = "<group>"; };
		4BFB3B2A140FD4E9009283A6 /* DonsWebViewController.h */ = {isa = PBXFileReference; fileEncoding = 4; lastKnownFileType = sourcecode.c.h; path = DonsWebViewController.h; sourceTree = "<group>"; };
		4BFB3B2B140FD4E9009283A6 /* DonsWebViewController.m */ = {isa = PBXFileReference; fileEncoding = 4; lastKnownFileType = sourcecode.c.objc; path = DonsWebViewController.m; sourceTree = "<group>"; };
		4BFB3B2C140FD4E9009283A6 /* GeolocView.xib */ = {isa = PBXFileReference; fileEncoding = 4; lastKnownFileType = file.xib; path = GeolocView.xib; sourceTree = "<group>"; };
		4BFB3B2D140FD4E9009283A6 /* GeolocViewController.h */ = {isa = PBXFileReference; fileEncoding = 4; lastKnownFileType = sourcecode.c.h; path = GeolocViewController.h; sourceTree = "<group>"; };
		4BFB3B2E140FD4E9009283A6 /* GeolocViewController.m */ = {isa = PBXFileReference; fileEncoding = 4; lastKnownFileType = sourcecode.c.objc; path = GeolocViewController.m; sourceTree = "<group>"; };
		4BFB3B2F140FD4E9009283A6 /* HomeView.xib */ = {isa = PBXFileReference; fileEncoding = 4; lastKnownFileType = file.xib; path = HomeView.xib; sourceTree = "<group>"; };
		4BFB3B30140FD4E9009283A6 /* HomeViewController.h */ = {isa = PBXFileReference; fileEncoding = 4; lastKnownFileType = sourcecode.c.h; path = HomeViewController.h; sourceTree = "<group>"; };
		4BFB3B31140FD4E9009283A6 /* HomeViewController.m */ = {isa = PBXFileReference; fileEncoding = 4; lastKnownFileType = sourcecode.c.objc; path = HomeViewController.m; sourceTree = "<group>"; };
		4BFB3B32140FD4E9009283A6 /* InformationView.xib */ = {isa = PBXFileReference; fileEncoding = 4; lastKnownFileType = file.xib; path = InformationView.xib; sourceTree = "<group>"; };
		4BFB3B33140FD4E9009283A6 /* InformationViewController.h */ = {isa = PBXFileReference; fileEncoding = 4; lastKnownFileType = sourcecode.c.h; path = InformationViewController.h; sourceTree = "<group>"; };
		4BFB3B34140FD4E9009283A6 /* InformationViewController.m */ = {isa = PBXFileReference; fileEncoding = 4; lastKnownFileType = sourcecode.c.objc; path = InformationViewController.m; sourceTree = "<group>"; };
		4BFB3B45140FD504009283A6 /* Facebook.h */ = {isa = PBXFileReference; fileEncoding = 4; lastKnownFileType = sourcecode.c.h; path = Facebook.h; sourceTree = "<group>"; };
		4BFB3B46140FD504009283A6 /* Facebook.m */ = {isa = PBXFileReference; fileEncoding = 4; lastKnownFileType = sourcecode.c.objc; path = Facebook.m; sourceTree = "<group>"; };
		4BFB3B47140FD504009283A6 /* FBConnect.h */ = {isa = PBXFileReference; fileEncoding = 4; lastKnownFileType = sourcecode.c.h; path = FBConnect.h; sourceTree = "<group>"; };
		4BFB3B48140FD504009283A6 /* FBDialog.bundle */ = {isa = PBXFileReference; lastKnownFileType = "wrapper.plug-in"; path = FBDialog.bundle; sourceTree = "<group>"; };
		4BFB3B49140FD504009283A6 /* FBDialog.h */ = {isa = PBXFileReference; fileEncoding = 4; lastKnownFileType = sourcecode.c.h; path = FBDialog.h; sourceTree = "<group>"; };
		4BFB3B4A140FD504009283A6 /* FBDialog.m */ = {isa = PBXFileReference; fileEncoding = 4; lastKnownFileType = sourcecode.c.objc; path = FBDialog.m; sourceTree = "<group>"; };
		4BFB3B4B140FD504009283A6 /* FBLoginDialog.h */ = {isa = PBXFileReference; fileEncoding = 4; lastKnownFileType = sourcecode.c.h; path = FBLoginDialog.h; sourceTree = "<group>"; };
		4BFB3B4C140FD504009283A6 /* FBLoginDialog.m */ = {isa = PBXFileReference; fileEncoding = 4; lastKnownFileType = sourcecode.c.objc; path = FBLoginDialog.m; sourceTree = "<group>"; };
		4BFB3B4D140FD504009283A6 /* FBRequest.h */ = {isa = PBXFileReference; fileEncoding = 4; lastKnownFileType = sourcecode.c.h; path = FBRequest.h; sourceTree = "<group>"; };
		4BFB3B4E140FD504009283A6 /* FBRequest.m */ = {isa = PBXFileReference; fileEncoding = 4; lastKnownFileType = sourcecode.c.objc; path = FBRequest.m; sourceTree = "<group>"; };
		4BFB3B50140FD504009283A6 /* MBProgressHUD.h */ = {isa = PBXFileReference; fileEncoding = 4; lastKnownFileType = sourcecode.c.h; path = MBProgressHUD.h; sourceTree = "<group>"; };
		4BFB3B51140FD504009283A6 /* MBProgressHUD.m */ = {isa = PBXFileReference; fileEncoding = 4; lastKnownFileType = sourcecode.c.objc; path = MBProgressHUD.m; sourceTree = "<group>"; };
		4BFB3B52140FD504009283A6 /* TPKeyboardAvoidingScrollView.h */ = {isa = PBXFileReference; fileEncoding = 4; lastKnownFileType = sourcecode.c.h; path = TPKeyboardAvoidingScrollView.h; sourceTree = "<group>"; };
		4BFB3B53140FD504009283A6 /* TPKeyboardAvoidingScrollView.m */ = {isa = PBXFileReference; fileEncoding = 4; lastKnownFileType = sourcecode.c.objc; path = TPKeyboardAvoidingScrollView.m; sourceTree = "<group>"; };
		4BFB3B55140FD504009283A6 /* NSObject+SBJson.h */ = {isa = PBXFileReference; fileEncoding = 4; lastKnownFileType = sourcecode.c.h; path = "NSObject+SBJson.h"; sourceTree = "<group>"; };
		4BFB3B56140FD504009283A6 /* NSObject+SBJson.m */ = {isa = PBXFileReference; fileEncoding = 4; lastKnownFileType = sourcecode.c.objc; path = "NSObject+SBJson.m"; sourceTree = "<group>"; };
		4BFB3B57140FD504009283A6 /* SBJson.h */ = {isa = PBXFileReference; fileEncoding = 4; lastKnownFileType = sourcecode.c.h; path = SBJson.h; sourceTree = "<group>"; };
		4BFB3B58140FD504009283A6 /* SBJsonParser.h */ = {isa = PBXFileReference; fileEncoding = 4; lastKnownFileType = sourcecode.c.h; path = SBJsonParser.h; sourceTree = "<group>"; };
		4BFB3B59140FD504009283A6 /* SBJsonParser.m */ = {isa = PBXFileReference; fileEncoding = 4; lastKnownFileType = sourcecode.c.objc; path = SBJsonParser.m; sourceTree = "<group>"; };
		4BFB3B5A140FD504009283A6 /* SBJsonStreamParser.h */ = {isa = PBXFileReference; fileEncoding = 4; lastKnownFileType = sourcecode.c.h; path = SBJsonStreamParser.h; sourceTree = "<group>"; };
		4BFB3B5B140FD504009283A6 /* SBJsonStreamParser.m */ = {isa = PBXFileReference; fileEncoding = 4; lastKnownFileType = sourcecode.c.objc; path = SBJsonStreamParser.m; sourceTree = "<group>"; };
		4BFB3B5C140FD504009283A6 /* SBJsonStreamParserAccumulator.h */ = {isa = PBXFileReference; fileEncoding = 4; lastKnownFileType = sourcecode.c.h; path = SBJsonStreamParserAccumulator.h; sourceTree = "<group>"; };
		4BFB3B5D140FD504009283A6 /* SBJsonStreamParserAccumulator.m */ = {isa = PBXFileReference; fileEncoding = 4; lastKnownFileType = sourcecode.c.objc; path = SBJsonStreamParserAccumulator.m; sourceTree = "<group>"; };
		4BFB3B5E140FD504009283A6 /* SBJsonStreamParserState.h */ = {isa = PBXFileReference; fileEncoding = 4; lastKnownFileType = sourcecode.c.h; path = SBJsonStreamParserState.h; sourceTree = "<group>"; };
		4BFB3B5F140FD504009283A6 /* SBJsonStreamParserState.m */ = {isa = PBXFileReference; fileEncoding = 4; lastKnownFileType = sourcecode.c.objc; path = SBJsonStreamParserState.m; sourceTree = "<group>"; };
		4BFB3B60140FD504009283A6 /* SBJsonStreamWriter.h */ = {isa = PBXFileReference; fileEncoding = 4; lastKnownFileType = sourcecode.c.h; path = SBJsonStreamWriter.h; sourceTree = "<group>"; };
		4BFB3B61140FD504009283A6 /* SBJsonStreamWriter.m */ = {isa = PBXFileReference; fileEncoding = 4; lastKnownFileType = sourcecode.c.objc; path = SBJsonStreamWriter.m; sourceTree = "<group>"; };
		4BFB3B62140FD504009283A6 /* SBJsonStreamWriterAccumulator.h */ = {isa = PBXFileReference; fileEncoding = 4; lastKnownFileType = sourcecode.c.h; path = SBJsonStreamWriterAccumulator.h; sourceTree = "<group>"; };
		4BFB3B63140FD504009283A6 /* SBJsonStreamWriterAccumulator.m */ = {isa = PBXFileReference; fileEncoding = 4; lastKnownFileType = sourcecode.c.objc; path = SBJsonStreamWriterAccumulator.m; sourceTree = "<group>"; };
		4BFB3B64140FD504009283A6 /* SBJsonStreamWriterState.h */ = {isa = PBXFileReference; fileEncoding = 4; lastKnownFileType = sourcecode.c.h; path = SBJsonStreamWriterState.h; sourceTree = "<group>"; };
		4BFB3B65140FD504009283A6 /* SBJsonStreamWriterState.m */ = {isa = PBXFileReference; fileEncoding = 4; lastKnownFileType = sourcecode.c.objc; path = SBJsonStreamWriterState.m; sourceTree = "<group>"; };
		4BFB3B66140FD504009283A6 /* SBJsonTokeniser.h */ = {isa = PBXFileReference; fileEncoding = 4; lastKnownFileType = sourcecode.c.h; path = SBJsonTokeniser.h; sourceTree = "<group>"; };
		4BFB3B67140FD504009283A6 /* SBJsonTokeniser.m */ = {isa = PBXFileReference; fileEncoding = 4; lastKnownFileType = sourcecode.c.objc; path = SBJsonTokeniser.m; sourceTree = "<group>"; };
		4BFB3B68140FD504009283A6 /* SBJsonUTF8Stream.h */ = {isa = PBXFileReference; fileEncoding = 4; lastKnownFileType = sourcecode.c.h; path = SBJsonUTF8Stream.h; sourceTree = "<group>"; };
		4BFB3B69140FD504009283A6 /* SBJsonUTF8Stream.m */ = {isa = PBXFileReference; fileEncoding = 4; lastKnownFileType = sourcecode.c.objc; path = SBJsonUTF8Stream.m; sourceTree = "<group>"; };
		4BFB3B6A140FD504009283A6 /* SBJsonWriter.h */ = {isa = PBXFileReference; fileEncoding = 4; lastKnownFileType = sourcecode.c.h; path = SBJsonWriter.h; sourceTree = "<group>"; };
		4BFB3B6B140FD504009283A6 /* SBJsonWriter.m */ = {isa = PBXFileReference; fileEncoding = 4; lastKnownFileType = sourcecode.c.objc; path = SBJsonWriter.m; sourceTree = "<group>"; };
		4BFB3B6C140FD504009283A6 /* Icon.png */ = {isa = PBXFileReference; lastKnownFileType = image.png; name = Icon.png; path = ../Icon.png; sourceTree = "<group>"; };
		4BFB3B6E140FD504009283A6 /* f_logo.png */ = {isa = PBXFileReference; lastKnownFileType = image.png; path = f_logo.png; sourceTree = "<group>"; };
		4BFB3B6F140FD504009283A6 /* Logo_DNF.png */ = {isa = PBXFileReference; lastKnownFileType = image.png; path = Logo_DNF.png; sourceTree = "<group>"; };
/* End PBXFileReference section */

/* Begin PBXFrameworksBuildPhase section */
		4BFB3AED140FD47D009283A6 /* Frameworks */ = {
			isa = PBXFrameworksBuildPhase;
			buildActionMask = 2147483647;
			files = (
				4BA725CF14341C8500D3C98A /* CoreLocation.framework in Frameworks */,
				4B5AF90C142F61C800815D46 /* CFNetwork.framework in Frameworks */,
				4B5AF90D142F61C800815D46 /* MobileCoreServices.framework in Frameworks */,
				4B5AF90E142F61C800815D46 /* SystemConfiguration.framework in Frameworks */,
				4B5AF905142F61A000815D46 /* libRestKitJSONParserJSONKit.a in Frameworks */,
				4B5AF906142F61A000815D46 /* libRestKitNetwork.a in Frameworks */,
				4B5AF907142F61A000815D46 /* libRestKitObjectMapping.a in Frameworks */,
				4B5AF908142F61A000815D46 /* libRestKitSupport.a in Frameworks */,
				4B488420141EFEEC0042040F /* MediaPlayer.framework in Frameworks */,
				4BD4DCBE14170A57009B0BB8 /* MapKit.framework in Frameworks */,
				4BFB3AF5140FD47D009283A6 /* UIKit.framework in Frameworks */,
				4BFB3AF7140FD47D009283A6 /* Foundation.framework in Frameworks */,
				4BFB3AF9140FD47D009283A6 /* CoreGraphics.framework in Frameworks */,
			);
			runOnlyForDeploymentPostprocessing = 0;
		};
/* End PBXFrameworksBuildPhase section */

/* Begin PBXGroup section */
		4B0B503314356D2F006C9A66 /* SDWebImage */ = {
			isa = PBXGroup;
			children = (
				4B0B503414356D4E006C9A66 /* SDImageCache.h */,
				4B0B503514356D4E006C9A66 /* SDImageCache.m */,
				4B0B503614356D4E006C9A66 /* SDImageCacheDelegate.h */,
				4B0B503714356D4E006C9A66 /* SDWebImageCompat.h */,
				4B0B503814356D4E006C9A66 /* SDWebImageDownloader.h */,
				4B0B503914356D4E006C9A66 /* SDWebImageDownloader.m */,
				4B0B503A14356D4E006C9A66 /* SDWebImageDownloaderDelegate.h */,
				4B0B503B14356D4E006C9A66 /* SDWebImageManager.h */,
				4B0B503C14356D4E006C9A66 /* SDWebImageManager.m */,
				4B0B503D14356D4E006C9A66 /* SDWebImageManagerDelegate.h */,
				4B0B503E14356D4E006C9A66 /* UIButton+WebCache.h */,
				4B0B503F14356D4E006C9A66 /* UIButton+WebCache.m */,
				4B0B504014356D4E006C9A66 /* UIImageView+WebCache.h */,
				4B0B504114356D4E006C9A66 /* UIImageView+WebCache.m */,
			);
			path = SDWebImage;
			sourceTree = "<group>";
		};
		4B0E6BDE144E6C2F005B8737 /* Table view cells */ = {
			isa = PBXGroup;
			children = (
				4B0E6BDF144E6C86005B8737 /* TableViewCellBasicInfo.h */,
				4B0E6BE0144E6C86005B8737 /* TableViewCellBasicInfo.m */,
				4B0E6C13144E7FF2005B8737 /* TableViewCellCategories.h */,
				4B0E6C14144E7FF2005B8737 /* TableViewCellCategories.m */,
				4B0E6C2C144E85D1005B8737 /* TableViewCellCategories.xib */,
			);
			name = "Table view cells";
			sourceTree = "<group>";
		};
		4B5AF8DA142F608C00815D46 /* Products */ = {
			isa = PBXGroup;
			children = (
				4B5AF8EE142F608C00815D46 /* libRestKitNetwork.a */,
				4B5AF8F0142F608C00815D46 /* libRestKitObjectMapping.a */,
				4B5AF8F2142F608C00815D46 /* libRestKitSupport.a */,
				4B5AF8F4142F608C00815D46 /* libRestKitJSONParserNXJSON.a */,
				4B5AF8F6142F608C00815D46 /* libRestKitJSONParserYAJL.a */,
				4B5AF8F8142F608C00815D46 /* libRestKitJSONParserSBJSON.a */,
				4B5AF8FA142F608C00815D46 /* libRestKitJSONParserJSONKit.a */,
				4B5AF8FC142F608C00815D46 /* libRestKitXMLParserLibxml.a */,
				4B5AF8FE142F608C00815D46 /* libRestKitCoreData.a */,
				4B5AF900142F608C00815D46 /* libRestKitThree20.a */,
				4B5AF902142F608C00815D46 /* RestKitSpecs.app */,
			);
			name = Products;
			sourceTree = "<group>";
		};
		4B5AF90F142F626000815D46 /* First tab */ = {
			isa = PBXGroup;
			children = (
				4BFB3B2F140FD4E9009283A6 /* HomeView.xib */,
				4BFB3B30140FD4E9009283A6 /* HomeViewController.h */,
				4BFB3B31140FD4E9009283A6 /* HomeViewController.m */,
				4BFB3B32140FD4E9009283A6 /* InformationView.xib */,
				4BFB3B33140FD4E9009283A6 /* InformationViewController.h */,
				4BFB3B34140FD4E9009283A6 /* InformationViewController.m */,
				4BFB3B23140FD4E9009283A6 /* CoachView.xib */,
				4BFB3B24140FD4E9009283A6 /* CoachViewController.h */,
				4BFB3B25140FD4E9009283A6 /* CoachViewController.m */,
			);
			name = "First tab";
			sourceTree = "<group>";
		};
		4B5AF910142F626A00815D46 /* Second tab */ = {
			isa = PBXGroup;
			children = (
				4BFB3B26140FD4E9009283A6 /* DonsView.xib */,
				4BFB3B27140FD4E9009283A6 /* DonsViewController.h */,
				4BFB3B28140FD4E9009283A6 /* DonsViewController.m */,
				4BFB3B29140FD4E9009283A6 /* DonsWebView.xib */,
				4BFB3B2A140FD4E9009283A6 /* DonsWebViewController.h */,
				4BFB3B2B140FD4E9009283A6 /* DonsWebViewController.m */,
				4B0B502E14355906006C9A66 /* DonsInfoViewController.h */,
				4B0B502F14355906006C9A66 /* DonsInfoViewController.m */,
				4B0B503014355907006C9A66 /* DonsInfoView.xib */,
			);
			name = "Second tab";
			sourceTree = "<group>";
		};
		4B5AF911142F62C200815D46 /* Third tab */ = {
			isa = PBXGroup;
			children = (
				4B0E6BDE144E6C2F005B8737 /* Table view cells */,
				4BA725C61434168700D3C98A /* Annotations */,
				4BFB3B2C140FD4E9009283A6 /* GeolocView.xib */,
				4BFB3B2D140FD4E9009283A6 /* GeolocViewController.h */,
				4BFB3B2E140FD4E9009283A6 /* GeolocViewController.m */,
				4BD4DCB71417093C009B0BB8 /* MapViewController.h */,
				4BD4DCB81417093C009B0BB8 /* MapViewController.m */,
				4BD4DCB91417093C009B0BB8 /* MapView.xib */,
				4B0E6BD9144E6A23005B8737 /* AddPlaceViewController.h */,
				4B0E6BDA144E6A23005B8737 /* AddPlaceViewController.m */,
				4B0E6BDB144E6A23005B8737 /* AddPlaceView.xib */,
				4B0E6C0E144E7DC6005B8737 /* CategoriesViewController.h */,
				4B0E6C0F144E7DC6005B8737 /* CategoriesViewController.m */,
				4B0E6C10144E7DC7005B8737 /* CategoriesView.xib */,
				4B0E6C5A144F10CE005B8737 /* DescriptionViewController.h */,
				4B0E6C5B144F10CE005B8737 /* DescriptionViewController.m */,
				4B0E6C5C144F10CE005B8737 /* DescriptionView.xib */,
				4B0E6C5F144F11E2005B8737 /* AddressViewController.h */,
				4B0E6C60144F11E2005B8737 /* AddressViewController.m */,
				4B0E6C61144F11E2005B8737 /* AddressView.xib */,
			);
			name = "Third tab";
			sourceTree = "<group>";
		};
		4B5AF912142F62D000815D46 /* Fourth tab */ = {
			isa = PBXGroup;
			children = (
				4BFB3B20140FD4E9009283A6 /* CalculetteView.xib */,
				4BFB3B21140FD4E9009283A6 /* CalculetteViewController.h */,
				4BFB3B22140FD4E9009283A6 /* CalculetteViewController.m */,
			);
			name = "Fourth tab";
			sourceTree = "<group>";
		};
		4B5AF913142FA62B00815D46 /* Videos */ = {
			isa = PBXGroup;
			children = (
				4B6D54B81426A91800C20CDE /* dnfvideo.mp4 */,
			);
			name = Videos;
			sourceTree = "<group>";
		};
		4B5AF914142FA63900815D46 /* Images */ = {
			isa = PBXGroup;
			children = (
				4BC7E313143B6151005E54CF /* Fondo_App.jpg */,
				4BC7E314143B6151005E54CF /* Fondo_App@2x.jpg */,
				4BC7E315143B6151005E54CF /* Fondo_Donacion.jpg */,
				4BC7E316143B6151005E54CF /* Fondo_Donacion@2x.jpg */,
				4B0B50601435766C006C9A66 /* ping_cafe.png */,
				4B16CCAB142523E0000C544D /* Background_TVC_Dons_Up.png */,
				4B16CCAC142523E0000C544D /* Background_TVC_Dons_Down.png */,
				4B16CCA614251BFB000C544D /* Background_TVC_Home.png */,
				4B6AD846141EE6F6000ACC87 /* Default@2x.png */,
				4B6AD844141EE6F0000ACC87 /* Default.png */,
				4B6AD842141EE6E3000ACC87 /* Icon@2x.png */,
				4BFB3B6C140FD504009283A6 /* Icon.png */,
				4B609DF4141ED91800AEEC80 /* calculate.png */,
				4B609DF5141ED91800AEEC80 /* calculate@2x.png */,
				4B609DF6141ED91800AEEC80 /* dnf.png */,
				4B609DF7141ED91800AEEC80 /* dnf@2x.png */,
				4B609DF8141ED91800AEEC80 /* dons.png */,
				4B609DF9141ED91800AEEC80 /* dons@2x.png */,
				4B609DFA141ED91800AEEC80 /* geo.png */,
				4B609DFB141ED91800AEEC80 /* geo@2x.png */,
				4BFB3B6E140FD504009283A6 /* f_logo.png */,
				4BFB3B6F140FD504009283A6 /* Logo_DNF.png */,
			);
			name = Images;
			sourceTree = "<group>";
		};
		4B5C0CD9142FB8F2007CDA55 /* Models */ = {
			isa = PBXGroup;
			children = (
				4B5C0CDA142FB94B007CDA55 /* Place.h */,
				4B5C0CDB142FB94B007CDA55 /* Place.m */,
			);
			path = Models;
			sourceTree = "<group>";
		};
		4BA725AC1433FEF100D3C98A /* API */ = {
			isa = PBXGroup;
			children = (
				4BA725AD1433FF1E00D3C98A /* DNFObjectManager.h */,
				4BA725AE1433FF1E00D3C98A /* DNFObjectManager.m */,
			);
			path = API;
			sourceTree = "<group>";
		};
		4BA725C61434168700D3C98A /* Annotations */ = {
			isa = PBXGroup;
			children = (
				4BA725C7143416AF00D3C98A /* PlaceAnnotation.h */,
				4BA725C8143416AF00D3C98A /* PlaceAnnotation.m */,
				4B0230701436AA8100A1F864 /* PlaceAnnotationView.h */,
				4B0230711436AA8100A1F864 /* PlaceAnnotationView.m */,
			);
			name = Annotations;
			sourceTree = "<group>";
		};
		4BFB3AE5140FD47D009283A6 = {
			isa = PBXGroup;
			children = (
				4B5AF8D9142F608C00815D46 /* RestKit.xcodeproj */,
				4BA725AC1433FEF100D3C98A /* API */,
				4B5C0CD9142FB8F2007CDA55 /* Models */,
				4BFB3B43140FD504009283A6 /* External */,
				4BFB3B6D140FD504009283A6 /* Resources */,
				4BFB3AFA140FD47D009283A6 /* DNF */,
				4BFB3AF3140FD47D009283A6 /* Frameworks */,
				4BFB3AF1140FD47D009283A6 /* Products */,
			);
			sourceTree = "<group>";
		};
		4BFB3AF1140FD47D009283A6 /* Products */ = {
			isa = PBXGroup;
			children = (
				4BFB3AF0140FD47D009283A6 /* DNF.app */,
			);
			name = Products;
			sourceTree = "<group>";
		};
		4BFB3AF3140FD47D009283A6 /* Frameworks */ = {
			isa = PBXGroup;
			children = (
				4BA725CE14341C8400D3C98A /* CoreLocation.framework */,
				4B5AF909142F61C800815D46 /* CFNetwork.framework */,
				4B5AF90A142F61C800815D46 /* MobileCoreServices.framework */,
				4B5AF90B142F61C800815D46 /* SystemConfiguration.framework */,
				4B48841F141EFEEC0042040F /* MediaPlayer.framework */,
				4BD4DCBD14170A57009B0BB8 /* MapKit.framework */,
				4BFB3AF4140FD47D009283A6 /* UIKit.framework */,
				4BFB3AF6140FD47D009283A6 /* Foundation.framework */,
				4BFB3AF8140FD47D009283A6 /* CoreGraphics.framework */,
			);
			name = Frameworks;
			sourceTree = "<group>";
		};
		4BFB3AFA140FD47D009283A6 /* DNF */ = {
			isa = PBXGroup;
			children = (
				4B5AF912142F62D000815D46 /* Fourth tab */,
				4B5AF911142F62C200815D46 /* Third tab */,
				4B5AF910142F626A00815D46 /* Second tab */,
				4B5AF90F142F626000815D46 /* First tab */,
				4BFB3B1F140FD4E9009283A6 /* AppConfig.h */,
				4BFB3B03140FD47D009283A6 /* DNFAppDelegate.h */,
				4BFB3B04140FD47D009283A6 /* DNFAppDelegate.m */,
				4BFB3B06140FD47D009283A6 /* MainWindow.xib */,
				4BFB3AFB140FD47D009283A6 /* Supporting Files */,
				4B59A90A143A0EB900824FC6 /* InformationManager.h */,
				4B59A90B143A0EB900824FC6 /* InformationManager.m */,
			);
			path = DNF;
			sourceTree = "<group>";
		};
		4BFB3AFB140FD47D009283A6 /* Supporting Files */ = {
			isa = PBXGroup;
			children = (
				4BFB3AFC140FD47D009283A6 /* DNF-Info.plist */,
				4BFB3AFD140FD47D009283A6 /* InfoPlist.strings */,
				4BFB3B00140FD47D009283A6 /* main.m */,
				4BFB3B02140FD47D009283A6 /* DNF-Prefix.pch */,
			);
			name = "Supporting Files";
			sourceTree = "<group>";
		};
		4BFB3B43140FD504009283A6 /* External */ = {
			isa = PBXGroup;
			children = (
				4B0B503314356D2F006C9A66 /* SDWebImage */,
				4BFB3B44140FD504009283A6 /* Facebook */,
				4BFB3B4F140FD504009283A6 /* Helpers */,
				4BFB3B54140FD504009283A6 /* SBJSON */,
			);
			path = External;
			sourceTree = "<group>";
		};
		4BFB3B44140FD504009283A6 /* Facebook */ = {
			isa = PBXGroup;
			children = (
				4BFB3B45140FD504009283A6 /* Facebook.h */,
				4BFB3B46140FD504009283A6 /* Facebook.m */,
				4BFB3B47140FD504009283A6 /* FBConnect.h */,
				4BFB3B48140FD504009283A6 /* FBDialog.bundle */,
				4BFB3B49140FD504009283A6 /* FBDialog.h */,
				4BFB3B4A140FD504009283A6 /* FBDialog.m */,
				4BFB3B4B140FD504009283A6 /* FBLoginDialog.h */,
				4BFB3B4C140FD504009283A6 /* FBLoginDialog.m */,
				4BFB3B4D140FD504009283A6 /* FBRequest.h */,
				4BFB3B4E140FD504009283A6 /* FBRequest.m */,
			);
			path = Facebook;
			sourceTree = "<group>";
		};
		4BFB3B4F140FD504009283A6 /* Helpers */ = {
			isa = PBXGroup;
			children = (
				4BFB3B50140FD504009283A6 /* MBProgressHUD.h */,
				4BFB3B51140FD504009283A6 /* MBProgressHUD.m */,
				4BFB3B52140FD504009283A6 /* TPKeyboardAvoidingScrollView.h */,
				4BFB3B53140FD504009283A6 /* TPKeyboardAvoidingScrollView.m */,
				4B16CCA814252128000C544D /* UITableViewCell+Beautiful.h */,
				4B16CCA914252129000C544D /* UITableViewCell+Beautiful.m */,
			);
			path = Helpers;
			sourceTree = "<group>";
		};
		4BFB3B54140FD504009283A6 /* SBJSON */ = {
			isa = PBXGroup;
			children = (
				4BFB3B55140FD504009283A6 /* NSObject+SBJson.h */,
				4BFB3B56140FD504009283A6 /* NSObject+SBJson.m */,
				4BFB3B57140FD504009283A6 /* SBJson.h */,
				4BFB3B58140FD504009283A6 /* SBJsonParser.h */,
				4BFB3B59140FD504009283A6 /* SBJsonParser.m */,
				4BFB3B5A140FD504009283A6 /* SBJsonStreamParser.h */,
				4BFB3B5B140FD504009283A6 /* SBJsonStreamParser.m */,
				4BFB3B5C140FD504009283A6 /* SBJsonStreamParserAccumulator.h */,
				4BFB3B5D140FD504009283A6 /* SBJsonStreamParserAccumulator.m */,
				4BFB3B5E140FD504009283A6 /* SBJsonStreamParserState.h */,
				4BFB3B5F140FD504009283A6 /* SBJsonStreamParserState.m */,
				4BFB3B60140FD504009283A6 /* SBJsonStreamWriter.h */,
				4BFB3B61140FD504009283A6 /* SBJsonStreamWriter.m */,
				4BFB3B62140FD504009283A6 /* SBJsonStreamWriterAccumulator.h */,
				4BFB3B63140FD504009283A6 /* SBJsonStreamWriterAccumulator.m */,
				4BFB3B64140FD504009283A6 /* SBJsonStreamWriterState.h */,
				4BFB3B65140FD504009283A6 /* SBJsonStreamWriterState.m */,
				4BFB3B66140FD504009283A6 /* SBJsonTokeniser.h */,
				4BFB3B67140FD504009283A6 /* SBJsonTokeniser.m */,
				4BFB3B68140FD504009283A6 /* SBJsonUTF8Stream.h */,
				4BFB3B69140FD504009283A6 /* SBJsonUTF8Stream.m */,
				4BFB3B6A140FD504009283A6 /* SBJsonWriter.h */,
				4BFB3B6B140FD504009283A6 /* SBJsonWriter.m */,
			);
			path = SBJSON;
			sourceTree = "<group>";
		};
		4BFB3B6D140FD504009283A6 /* Resources */ = {
			isa = PBXGroup;
			children = (
				4B5AF914142FA63900815D46 /* Images */,
				4B5AF913142FA62B00815D46 /* Videos */,
			);
			path = Resources;
			sourceTree = "<group>";
		};
/* End PBXGroup section */

/* Begin PBXNativeTarget section */
		4BFB3AEF140FD47D009283A6 /* DNF */ = {
			isa = PBXNativeTarget;
			buildConfigurationList = 4BFB3B17140FD47D009283A6 /* Build configuration list for PBXNativeTarget "DNF" */;
			buildPhases = (
				4BFB3AEC140FD47D009283A6 /* Sources */,
				4BFB3AED140FD47D009283A6 /* Frameworks */,
				4BFB3AEE140FD47D009283A6 /* Resources */,
			);
			buildRules = (
			);
			dependencies = (
				4B5AF904142F614600815D46 /* PBXTargetDependency */,
			);
			name = DNF;
			productName = DNF;
			productReference = 4BFB3AF0140FD47D009283A6 /* DNF.app */;
			productType = "com.apple.product-type.application";
		};
/* End PBXNativeTarget section */

/* Begin PBXProject section */
		4BFB3AE7140FD47D009283A6 /* Project object */ = {
			isa = PBXProject;
			attributes = {
				LastUpgradeCheck = 0420;
			};
			buildConfigurationList = 4BFB3AEA140FD47D009283A6 /* Build configuration list for PBXProject "DNF" */;
			compatibilityVersion = "Xcode 3.2";
			developmentRegion = English;
			hasScannedForEncodings = 0;
			knownRegions = (
				en,
			);
			mainGroup = 4BFB3AE5140FD47D009283A6;
			productRefGroup = 4BFB3AF1140FD47D009283A6 /* Products */;
			projectDirPath = "";
			projectReferences = (
				{
					ProductGroup = 4B5AF8DA142F608C00815D46 /* Products */;
					ProjectRef = 4B5AF8D9142F608C00815D46 /* RestKit.xcodeproj */;
				},
			);
			projectRoot = "";
			targets = (
				4BFB3AEF140FD47D009283A6 /* DNF */,
			);
		};
/* End PBXProject section */

/* Begin PBXReferenceProxy section */
		4B5AF8EE142F608C00815D46 /* libRestKitNetwork.a */ = {
			isa = PBXReferenceProxy;
			fileType = archive.ar;
			path = libRestKitNetwork.a;
			remoteRef = 4B5AF8ED142F608C00815D46 /* PBXContainerItemProxy */;
			sourceTree = BUILT_PRODUCTS_DIR;
		};
		4B5AF8F0142F608C00815D46 /* libRestKitObjectMapping.a */ = {
			isa = PBXReferenceProxy;
			fileType = archive.ar;
			path = libRestKitObjectMapping.a;
			remoteRef = 4B5AF8EF142F608C00815D46 /* PBXContainerItemProxy */;
			sourceTree = BUILT_PRODUCTS_DIR;
		};
		4B5AF8F2142F608C00815D46 /* libRestKitSupport.a */ = {
			isa = PBXReferenceProxy;
			fileType = archive.ar;
			path = libRestKitSupport.a;
			remoteRef = 4B5AF8F1142F608C00815D46 /* PBXContainerItemProxy */;
			sourceTree = BUILT_PRODUCTS_DIR;
		};
		4B5AF8F4142F608C00815D46 /* libRestKitJSONParserNXJSON.a */ = {
			isa = PBXReferenceProxy;
			fileType = archive.ar;
			path = libRestKitJSONParserNXJSON.a;
			remoteRef = 4B5AF8F3142F608C00815D46 /* PBXContainerItemProxy */;
			sourceTree = BUILT_PRODUCTS_DIR;
		};
		4B5AF8F6142F608C00815D46 /* libRestKitJSONParserYAJL.a */ = {
			isa = PBXReferenceProxy;
			fileType = archive.ar;
			path = libRestKitJSONParserYAJL.a;
			remoteRef = 4B5AF8F5142F608C00815D46 /* PBXContainerItemProxy */;
			sourceTree = BUILT_PRODUCTS_DIR;
		};
		4B5AF8F8142F608C00815D46 /* libRestKitJSONParserSBJSON.a */ = {
			isa = PBXReferenceProxy;
			fileType = archive.ar;
			path = libRestKitJSONParserSBJSON.a;
			remoteRef = 4B5AF8F7142F608C00815D46 /* PBXContainerItemProxy */;
			sourceTree = BUILT_PRODUCTS_DIR;
		};
		4B5AF8FA142F608C00815D46 /* libRestKitJSONParserJSONKit.a */ = {
			isa = PBXReferenceProxy;
			fileType = archive.ar;
			path = libRestKitJSONParserJSONKit.a;
			remoteRef = 4B5AF8F9142F608C00815D46 /* PBXContainerItemProxy */;
			sourceTree = BUILT_PRODUCTS_DIR;
		};
		4B5AF8FC142F608C00815D46 /* libRestKitXMLParserLibxml.a */ = {
			isa = PBXReferenceProxy;
			fileType = archive.ar;
			path = libRestKitXMLParserLibxml.a;
			remoteRef = 4B5AF8FB142F608C00815D46 /* PBXContainerItemProxy */;
			sourceTree = BUILT_PRODUCTS_DIR;
		};
		4B5AF8FE142F608C00815D46 /* libRestKitCoreData.a */ = {
			isa = PBXReferenceProxy;
			fileType = archive.ar;
			path = libRestKitCoreData.a;
			remoteRef = 4B5AF8FD142F608C00815D46 /* PBXContainerItemProxy */;
			sourceTree = BUILT_PRODUCTS_DIR;
		};
		4B5AF900142F608C00815D46 /* libRestKitThree20.a */ = {
			isa = PBXReferenceProxy;
			fileType = archive.ar;
			path = libRestKitThree20.a;
			remoteRef = 4B5AF8FF142F608C00815D46 /* PBXContainerItemProxy */;
			sourceTree = BUILT_PRODUCTS_DIR;
		};
		4B5AF902142F608C00815D46 /* RestKitSpecs.app */ = {
			isa = PBXReferenceProxy;
			fileType = wrapper.application;
			path = RestKitSpecs.app;
			remoteRef = 4B5AF901142F608C00815D46 /* PBXContainerItemProxy */;
			sourceTree = BUILT_PRODUCTS_DIR;
		};
/* End PBXReferenceProxy section */

/* Begin PBXResourcesBuildPhase section */
		4BFB3AEE140FD47D009283A6 /* Resources */ = {
			isa = PBXResourcesBuildPhase;
			buildActionMask = 2147483647;
			files = (
				4BFB3AFF140FD47D009283A6 /* InfoPlist.strings in Resources */,
				4BFB3B08140FD47D009283A6 /* MainWindow.xib in Resources */,
				4BFB3B35140FD4E9009283A6 /* CalculetteView.xib in Resources */,
				4BFB3B37140FD4E9009283A6 /* CoachView.xib in Resources */,
				4BFB3B39140FD4E9009283A6 /* DonsView.xib in Resources */,
				4BFB3B3B140FD4E9009283A6 /* DonsWebView.xib in Resources */,
				4BFB3B3D140FD4E9009283A6 /* GeolocView.xib in Resources */,
				4BFB3B3F140FD4E9009283A6 /* HomeView.xib in Resources */,
				4BFB3B41140FD4E9009283A6 /* InformationView.xib in Resources */,
				4BFB3B71140FD504009283A6 /* FBDialog.bundle in Resources */,
				4BFB3B82140FD504009283A6 /* Icon.png in Resources */,
				4BFB3B83140FD504009283A6 /* f_logo.png in Resources */,
				4BFB3B84140FD504009283A6 /* Logo_DNF.png in Resources */,
				4BD4DCBB1417093C009B0BB8 /* MapView.xib in Resources */,
				4B609DFC141ED91800AEEC80 /* calculate.png in Resources */,
				4B609DFD141ED91800AEEC80 /* calculate@2x.png in Resources */,
				4B609DFE141ED91800AEEC80 /* dnf.png in Resources */,
				4B609DFF141ED91800AEEC80 /* dnf@2x.png in Resources */,
				4B609E00141ED91800AEEC80 /* dons.png in Resources */,
				4B609E01141ED91800AEEC80 /* dons@2x.png in Resources */,
				4B609E02141ED91800AEEC80 /* geo.png in Resources */,
				4B609E03141ED91800AEEC80 /* geo@2x.png in Resources */,
				4B6AD843141EE6E3000ACC87 /* Icon@2x.png in Resources */,
				4B6AD845141EE6F0000ACC87 /* Default.png in Resources */,
				4B6AD847141EE6F6000ACC87 /* Default@2x.png in Resources */,
				4B16CCA714251BFC000C544D /* Background_TVC_Home.png in Resources */,
				4B16CCAD142523E1000C544D /* Background_TVC_Dons_Up.png in Resources */,
				4B16CCAE142523E1000C544D /* Background_TVC_Dons_Down.png in Resources */,
				4B6D54B91426A91800C20CDE /* dnfvideo.mp4 in Resources */,
				4B0B503214355907006C9A66 /* DonsInfoView.xib in Resources */,
				4B0B50611435766C006C9A66 /* ping_cafe.png in Resources */,
				4BC7E317143B6151005E54CF /* Fondo_App.jpg in Resources */,
				4BC7E318143B6151005E54CF /* Fondo_App@2x.jpg in Resources */,
				4BC7E319143B6151005E54CF /* Fondo_Donacion.jpg in Resources */,
				4BC7E31A143B6151005E54CF /* Fondo_Donacion@2x.jpg in Resources */,
				4B0E6BDD144E6A23005B8737 /* AddPlaceView.xib in Resources */,
				4B0E6C12144E7DC8005B8737 /* CategoriesView.xib in Resources */,
				4B0E6C2D144E85D1005B8737 /* TableViewCellCategories.xib in Resources */,
				4B0E6C5E144F10CE005B8737 /* DescriptionView.xib in Resources */,
				4B0E6C63144F11E3005B8737 /* AddressView.xib in Resources */,
			);
			runOnlyForDeploymentPostprocessing = 0;
		};
/* End PBXResourcesBuildPhase section */

/* Begin PBXSourcesBuildPhase section */
		4BFB3AEC140FD47D009283A6 /* Sources */ = {
			isa = PBXSourcesBuildPhase;
			buildActionMask = 2147483647;
			files = (
				4BFB3B01140FD47D009283A6 /* main.m in Sources */,
				4BFB3B05140FD47D009283A6 /* DNFAppDelegate.m in Sources */,
				4BFB3B36140FD4E9009283A6 /* CalculetteViewController.m in Sources */,
				4BFB3B38140FD4E9009283A6 /* CoachViewController.m in Sources */,
				4BFB3B3A140FD4E9009283A6 /* DonsViewController.m in Sources */,
				4BFB3B3C140FD4E9009283A6 /* DonsWebViewController.m in Sources */,
				4BFB3B3E140FD4E9009283A6 /* GeolocViewController.m in Sources */,
				4BFB3B40140FD4E9009283A6 /* HomeViewController.m in Sources */,
				4BFB3B42140FD4E9009283A6 /* InformationViewController.m in Sources */,
				4BFB3B70140FD504009283A6 /* Facebook.m in Sources */,
				4BFB3B72140FD504009283A6 /* FBDialog.m in Sources */,
				4BFB3B73140FD504009283A6 /* FBLoginDialog.m in Sources */,
				4BFB3B74140FD504009283A6 /* FBRequest.m in Sources */,
				4BFB3B75140FD504009283A6 /* MBProgressHUD.m in Sources */,
				4BFB3B76140FD504009283A6 /* TPKeyboardAvoidingScrollView.m in Sources */,
				4BFB3B77140FD504009283A6 /* NSObject+SBJson.m in Sources */,
				4BFB3B78140FD504009283A6 /* SBJsonParser.m in Sources */,
				4BFB3B79140FD504009283A6 /* SBJsonStreamParser.m in Sources */,
				4BFB3B7A140FD504009283A6 /* SBJsonStreamParserAccumulator.m in Sources */,
				4BFB3B7B140FD504009283A6 /* SBJsonStreamParserState.m in Sources */,
				4BFB3B7C140FD504009283A6 /* SBJsonStreamWriter.m in Sources */,
				4BFB3B7D140FD504009283A6 /* SBJsonStreamWriterAccumulator.m in Sources */,
				4BFB3B7E140FD504009283A6 /* SBJsonStreamWriterState.m in Sources */,
				4BFB3B7F140FD504009283A6 /* SBJsonTokeniser.m in Sources */,
				4BFB3B80140FD504009283A6 /* SBJsonUTF8Stream.m in Sources */,
				4BFB3B81140FD504009283A6 /* SBJsonWriter.m in Sources */,
				4BD4DCBA1417093C009B0BB8 /* MapViewController.m in Sources */,
				4B16CCAA14252129000C544D /* UITableViewCell+Beautiful.m in Sources */,
				4B5C0CDC142FB94B007CDA55 /* Place.m in Sources */,
				4BA725AF1433FF1E00D3C98A /* DNFObjectManager.m in Sources */,
				4BA725C9143416AF00D3C98A /* PlaceAnnotation.m in Sources */,
				4B0B503114355907006C9A66 /* DonsInfoViewController.m in Sources */,
				4B0B504214356D4E006C9A66 /* SDImageCache.m in Sources */,
				4B0B504314356D4E006C9A66 /* SDWebImageDownloader.m in Sources */,
				4B0B504414356D4E006C9A66 /* SDWebImageManager.m in Sources */,
				4B0B504514356D4E006C9A66 /* UIButton+WebCache.m in Sources */,
				4B0B504614356D4E006C9A66 /* UIImageView+WebCache.m in Sources */,
				4B0230721436AA8100A1F864 /* PlaceAnnotationView.m in Sources */,
				4B59A90C143A0EB900824FC6 /* InformationManager.m in Sources */,
				4B0E6BDC144E6A23005B8737 /* AddPlaceViewController.m in Sources */,
				4B0E6BE1144E6C86005B8737 /* TableViewCellBasicInfo.m in Sources */,
				4B0E6C11144E7DC8005B8737 /* CategoriesViewController.m in Sources */,
				4B0E6C15144E7FF2005B8737 /* TableViewCellCategories.m in Sources */,
				4B0E6C5D144F10CE005B8737 /* DescriptionViewController.m in Sources */,
				4B0E6C62144F11E3005B8737 /* AddressViewController.m in Sources */,
			);
			runOnlyForDeploymentPostprocessing = 0;
		};
/* End PBXSourcesBuildPhase section */

/* Begin PBXTargetDependency section */
		4B5AF904142F614600815D46 /* PBXTargetDependency */ = {
			isa = PBXTargetDependency;
			name = RestKit;
			targetProxy = 4B5AF903142F614600815D46 /* PBXContainerItemProxy */;
		};
/* End PBXTargetDependency section */

/* Begin PBXVariantGroup section */
		4BFB3AFD140FD47D009283A6 /* InfoPlist.strings */ = {
			isa = PBXVariantGroup;
			children = (
				4B41869114268F8100B08267 /* fr */,
			);
			name = InfoPlist.strings;
			sourceTree = "<group>";
		};
		4BFB3B06140FD47D009283A6 /* MainWindow.xib */ = {
			isa = PBXVariantGroup;
			children = (
				4B41869014268F8100B08267 /* fr */,
			);
			name = MainWindow.xib;
			sourceTree = "<group>";
		};
/* End PBXVariantGroup section */

/* Begin XCBuildConfiguration section */
		4B8BE19614250D3700D66590 /* Ad Hoc */ = {
			isa = XCBuildConfiguration;
			buildSettings = {
				ALWAYS_SEARCH_USER_PATHS = NO;
				ARCHS = "$(ARCHS_STANDARD_32_BIT)";
				"CODE_SIGN_IDENTITY[sdk=iphoneos*]" = "iPhone Distribution: Gloria Jimenez Mendez";
				COPY_PHASE_STRIP = YES;
				GCC_C_LANGUAGE_STANDARD = gnu99;
				GCC_VERSION = com.apple.compilers.llvmgcc42;
				GCC_WARN_ABOUT_MISSING_PROTOTYPES = YES;
				GCC_WARN_ABOUT_RETURN_TYPE = YES;
				GCC_WARN_UNUSED_VARIABLE = YES;
				IPHONEOS_DEPLOYMENT_TARGET = 4.3;
				OTHER_CFLAGS = "-DNS_BLOCK_ASSERTIONS=1";
				"PROVISIONING_PROFILE[sdk=iphoneos*]" = "D35B4725-1E38-4ABB-9922-8BB2A4006976";
				SDKROOT = iphoneos;
				VALIDATE_PRODUCT = YES;
			};
			name = "Ad Hoc";
		};
		4B8BE19714250D3700D66590 /* Ad Hoc */ = {
			isa = XCBuildConfiguration;
			buildSettings = {
				ARCHS = "$(ARCHS_STANDARD_32_BIT)";
				"ARCHS[sdk=*]" = "$(ARCHS_STANDARD_32_BIT)";
				CODE_SIGN_ENTITLEMENTS = "";
				"CODE_SIGN_IDENTITY[sdk=iphoneos*]" = "iPhone Distribution: Gloria Jimenez Mendez";
				GCC_PRECOMPILE_PREFIX_HEADER = YES;
				GCC_PREFIX_HEADER = "DNF/DNF-Prefix.pch";
				GCC_VERSION = com.apple.compilers.llvm.clang.1_0;
				HEADER_SEARCH_PATHS = "\"$(SOURCE_ROOT)/RestKit/Build\"";
				INFOPLIST_FILE = "DNF/DNF-Info.plist";
				OTHER_LDFLAGS = "-ObjC";
				PRODUCT_NAME = "$(TARGET_NAME)";
				"PROVISIONING_PROFILE[sdk=iphoneos*]" = "D35B4725-1E38-4ABB-9922-8BB2A4006976";
				WRAPPER_EXTENSION = app;
			};
			name = "Ad Hoc";
		};
		4BFB3B15140FD47D009283A6 /* Debug */ = {
			isa = XCBuildConfiguration;
			buildSettings = {
				ALWAYS_SEARCH_USER_PATHS = NO;
				ARCHS = "$(ARCHS_STANDARD_32_BIT)";
				"CODE_SIGN_IDENTITY[sdk=iphoneos*]" = "iPhone Developer: Gloria Jimenez Mendez (MN2YMN428D)";
				COPY_PHASE_STRIP = NO;
				GCC_C_LANGUAGE_STANDARD = gnu99;
				GCC_DYNAMIC_NO_PIC = NO;
				GCC_OPTIMIZATION_LEVEL = 0;
				GCC_PREPROCESSOR_DEFINITIONS = (
					"DEBUG=1",
					"$(inherited)",
				);
				GCC_SYMBOLS_PRIVATE_EXTERN = NO;
				GCC_VERSION = com.apple.compilers.llvmgcc42;
				GCC_WARN_ABOUT_MISSING_PROTOTYPES = YES;
				GCC_WARN_ABOUT_RETURN_TYPE = YES;
				GCC_WARN_UNUSED_VARIABLE = YES;
				IPHONEOS_DEPLOYMENT_TARGET = 4.3;
				"PROVISIONING_PROFILE[sdk=iphoneos*]" = "C9F3C139-77A1-4314-83C8-86F1A4473939";
				SDKROOT = iphoneos;
			};
			name = Debug;
		};
		4BFB3B16140FD47D009283A6 /* Release */ = {
			isa = XCBuildConfiguration;
			buildSettings = {
				ALWAYS_SEARCH_USER_PATHS = NO;
				ARCHS = "$(ARCHS_STANDARD_32_BIT)";
				"CODE_SIGN_IDENTITY[sdk=iphoneos*]" = "iPhone Developer: Gloria Jimenez Mendez (MN2YMN428D)";
				COPY_PHASE_STRIP = YES;
				GCC_C_LANGUAGE_STANDARD = gnu99;
				GCC_VERSION = com.apple.compilers.llvmgcc42;
				GCC_WARN_ABOUT_MISSING_PROTOTYPES = YES;
				GCC_WARN_ABOUT_RETURN_TYPE = YES;
				GCC_WARN_UNUSED_VARIABLE = YES;
				IPHONEOS_DEPLOYMENT_TARGET = 4.3;
				OTHER_CFLAGS = "-DNS_BLOCK_ASSERTIONS=1";
				"PROVISIONING_PROFILE[sdk=iphoneos*]" = "C9F3C139-77A1-4314-83C8-86F1A4473939";
				SDKROOT = iphoneos;
				VALIDATE_PRODUCT = YES;
			};
			name = Release;
		};
		4BFB3B18140FD47D009283A6 /* Debug */ = {
			isa = XCBuildConfiguration;
			buildSettings = {
				CODE_SIGN_ENTITLEMENTS = "";
				"CODE_SIGN_IDENTITY[sdk=iphoneos*]" = "iPhone Developer: Gloria Jimenez Mendez (MN2YMN428D)";
				GCC_PRECOMPILE_PREFIX_HEADER = YES;
				GCC_PREFIX_HEADER = "DNF/DNF-Prefix.pch";
				GCC_VERSION = com.apple.compilers.llvm.clang.1_0;
				HEADER_SEARCH_PATHS = "\"$(SOURCE_ROOT)/RestKit/Build\"";
				INFOPLIST_FILE = "DNF/DNF-Info.plist";
				OTHER_LDFLAGS = "-ObjC";
				PRODUCT_NAME = "$(TARGET_NAME)";
				"PROVISIONING_PROFILE[sdk=iphoneos*]" = "ED407060-0C91-48F4-9141-313623448F22";
				WRAPPER_EXTENSION = app;
			};
			name = Debug;
		};
		4BFB3B19140FD47D009283A6 /* Release */ = {
			isa = XCBuildConfiguration;
			buildSettings = {
				CODE_SIGN_ENTITLEMENTS = DNF/DNF.entitlements;
				GCC_PRECOMPILE_PREFIX_HEADER = YES;
				GCC_PREFIX_HEADER = "DNF/DNF-Prefix.pch";
				GCC_VERSION = com.apple.compilers.llvm.clang.1_0;
				HEADER_SEARCH_PATHS = "\"$(SOURCE_ROOT)/RestKit/Build\"";
				INFOPLIST_FILE = "DNF/DNF-Info.plist";
				OTHER_LDFLAGS = "-ObjC";
				PRODUCT_NAME = "$(TARGET_NAME)";
				WRAPPER_EXTENSION = app;
			};
			name = Release;
		};
/* End XCBuildConfiguration section */

/* Begin XCConfigurationList section */
		4BFB3AEA140FD47D009283A6 /* Build configuration list for PBXProject "DNF" */ = {
			isa = XCConfigurationList;
			buildConfigurations = (
				4BFB3B15140FD47D009283A6 /* Debug */,
				4BFB3B16140FD47D009283A6 /* Release */,
				4B8BE19614250D3700D66590 /* Ad Hoc */,
			);
			defaultConfigurationIsVisible = 0;
			defaultConfigurationName = Release;
		};
		4BFB3B17140FD47D009283A6 /* Build configuration list for PBXNativeTarget "DNF" */ = {
			isa = XCConfigurationList;
			buildConfigurations = (
				4BFB3B18140FD47D009283A6 /* Debug */,
				4BFB3B19140FD47D009283A6 /* Release */,
				4B8BE19714250D3700D66590 /* Ad Hoc */,
			);
			defaultConfigurationIsVisible = 0;
			defaultConfigurationName = Release;
		};
/* End XCConfigurationList section */
	};
	rootObject = 4BFB3AE7140FD47D009283A6 /* Project object */;
}
